// !$*UTF8*$!
{
	archiveVersion = 1;
	classes = {
	};
	objectVersion = 50;
	objects = {

/* Begin PBXBuildFile section */
		49A2AC51214B76D4006F2AEE /* Serial.cpp in Sources */ = {isa = PBXBuildFile; fileRef = 49A2AC3D214B76D1006F2AEE /* Serial.cpp */; };
		49A2AC52214B76D4006F2AEE /* main.cpp in Sources */ = {isa = PBXBuildFile; fileRef = 49A2AC3E214B76D1006F2AEE /* main.cpp */; };
		49A2AC53214B76D4006F2AEE /* Timer.cpp in Sources */ = {isa = PBXBuildFile; fileRef = 49A2AC45214B76D2006F2AEE /* Timer.cpp */; };
		49A2AC55214B76D4006F2AEE /* GPIO.cpp in Sources */ = {isa = PBXBuildFile; fileRef = 49A2AC49214B76D3006F2AEE /* GPIO.cpp */; };
		49A2AC56214B76D4006F2AEE /* Shell.cpp in Sources */ = {isa = PBXBuildFile; fileRef = 49A2AC4A214B76D3006F2AEE /* Shell.cpp */; };
		49A2AC57214B76D4006F2AEE /* util.cpp in Sources */ = {isa = PBXBuildFile; fileRef = 49A2AC4B214B76D3006F2AEE /* util.cpp */; };
		49A2AC58214B76D4006F2AEE /* InterruptManager.cpp in Sources */ = {isa = PBXBuildFile; fileRef = 49A2AC4C214B76D3006F2AEE /* InterruptManager.cpp */; };
		49A2AC59214B76D4006F2AEE /* BootShell.cpp in Sources */ = {isa = PBXBuildFile; fileRef = 49A2AC4D214B76D3006F2AEE /* BootShell.cpp */; };
/* End PBXBuildFile section */

/* Begin PBXCopyFilesBuildPhase section */
		492C741A214B2A2F009A4DA4 /* CopyFiles */ = {
			isa = PBXCopyFilesBuildPhase;
			buildActionMask = 2147483647;
			dstPath = /usr/share/man/man1/;
			dstSubfolderSpec = 0;
			files = (
			);
			runOnlyForDeploymentPostprocessing = 1;
		};
/* End PBXCopyFilesBuildPhase section */

/* Begin PBXFileReference section */
		492C741C214B2A2F009A4DA4 /* bltest */ = {isa = PBXFileReference; explicitFileType = "compiled.mach-o.executable"; includeInIndex = 0; path = bltest; sourceTree = BUILT_PRODUCTS_DIR; };
		49A2AC3B214B76D0006F2AEE /* InterruptManager.h */ = {isa = PBXFileReference; fileEncoding = 4; lastKnownFileType = sourcecode.c.h; name = InterruptManager.h; path = ../../src/InterruptManager.h; sourceTree = "<group>"; };
		49A2AC3C214B76D1006F2AEE /* lib1funcs.asm */ = {isa = PBXFileReference; lastKnownFileType = sourcecode.asm.asm; name = lib1funcs.asm; path = ../../src/lib1funcs.asm; sourceTree = "<group>"; };
		49A2AC3D214B76D1006F2AEE /* Serial.cpp */ = {isa = PBXFileReference; fileEncoding = 4; lastKnownFileType = sourcecode.cpp.cpp; name = Serial.cpp; path = ../../src/Serial.cpp; sourceTree = "<group>"; };
		49A2AC3E214B76D1006F2AEE /* main.cpp */ = {isa = PBXFileReference; fileEncoding = 4; lastKnownFileType = sourcecode.cpp.cpp; name = main.cpp; path = ../../src/main.cpp; sourceTree = "<group>"; };
		49A2AC3F214B76D1006F2AEE /* Shell.h */ = {isa = PBXFileReference; fileEncoding = 4; lastKnownFileType = sourcecode.c.h; name = Shell.h; path = ../../src/Shell.h; sourceTree = "<group>"; };
		49A2AC40214B76D2006F2AEE /* BootShell.h */ = {isa = PBXFileReference; fileEncoding = 4; lastKnownFileType = sourcecode.c.h; name = BootShell.h; path = ../../src/BootShell.h; sourceTree = "<group>"; };
		49A2AC41214B76D2006F2AEE /* String.h */ = {isa = PBXFileReference; fileEncoding = 4; lastKnownFileType = sourcecode.c.h; name = String.h; path = ../../src/String.h; sourceTree = "<group>"; };
		49A2AC42214B76D2006F2AEE /* defs.h */ = {isa = PBXFileReference; fileEncoding = 4; lastKnownFileType = sourcecode.c.h; name = defs.h; path = ../../src/defs.h; sourceTree = "<group>"; };
		49A2AC43214B76D2006F2AEE /* Timer.h */ = {isa = PBXFileReference; fileEncoding = 4; lastKnownFileType = sourcecode.c.h; name = Timer.h; path = ../../src/Timer.h; sourceTree = "<group>"; };
		49A2AC44214B76D2006F2AEE /* Serial.h */ = {isa = PBXFileReference; fileEncoding = 4; lastKnownFileType = sourcecode.c.h; name = Serial.h; path = ../../src/Serial.h; sourceTree = "<group>"; };
		49A2AC45214B76D2006F2AEE /* Timer.cpp */ = {isa = PBXFileReference; fileEncoding = 4; lastKnownFileType = sourcecode.cpp.cpp; name = Timer.cpp; path = ../../src/Timer.cpp; sourceTree = "<group>"; };
		49A2AC46214B76D2006F2AEE /* dlmalloc.c */ = {isa = PBXFileReference; fileEncoding = 4; lastKnownFileType = sourcecode.c.c; name = dlmalloc.c; path = ../../src/dlmalloc.c; sourceTree = "<group>"; };
		49A2AC47214B76D2006F2AEE /* GPIO.h */ = {isa = PBXFileReference; fileEncoding = 4; lastKnownFileType = sourcecode.c.h; name = GPIO.h; path = ../../src/GPIO.h; sourceTree = "<group>"; };
		49A2AC48214B76D2006F2AEE /* util.h */ = {isa = PBXFileReference; fileEncoding = 4; lastKnownFileType = sourcecode.c.h; name = util.h; path = ../../src/util.h; sourceTree = "<group>"; };
		49A2AC49214B76D3006F2AEE /* GPIO.cpp */ = {isa = PBXFileReference; fileEncoding = 4; lastKnownFileType = sourcecode.cpp.cpp; name = GPIO.cpp; path = ../../src/GPIO.cpp; sourceTree = "<group>"; };
		49A2AC4A214B76D3006F2AEE /* Shell.cpp */ = {isa = PBXFileReference; fileEncoding = 4; lastKnownFileType = sourcecode.cpp.cpp; name = Shell.cpp; path = ../../src/Shell.cpp; sourceTree = "<group>"; };
		49A2AC4B214B76D3006F2AEE /* util.cpp */ = {isa = PBXFileReference; fileEncoding = 4; lastKnownFileType = sourcecode.cpp.cpp; name = util.cpp; path = ../../src/util.cpp; sourceTree = "<group>"; };
		49A2AC4C214B76D3006F2AEE /* InterruptManager.cpp */ = {isa = PBXFileReference; fileEncoding = 4; lastKnownFileType = sourcecode.cpp.cpp; name = InterruptManager.cpp; path = ../../src/InterruptManager.cpp; sourceTree = "<group>"; };
		49A2AC4D214B76D3006F2AEE /* BootShell.cpp */ = {isa = PBXFileReference; fileEncoding = 4; lastKnownFileType = sourcecode.cpp.cpp; name = BootShell.cpp; path = ../../src/BootShell.cpp; sourceTree = "<group>"; };
		49A2AC4E214B76D4006F2AEE /* memory.cpp */ = {isa = PBXFileReference; fileEncoding = 4; lastKnownFileType = sourcecode.cpp.cpp; name = memory.cpp; path = ../../src/memory.cpp; sourceTree = "<group>"; };
		49A2AC4F214B76D4006F2AEE /* start.S */ = {isa = PBXFileReference; fileEncoding = 4; lastKnownFileType = sourcecode.asm; name = start.S; path = ../../src/start.S; sourceTree = "<group>"; };
/* End PBXFileReference section */

/* Begin PBXFrameworksBuildPhase section */
		492C7419214B2A2F009A4DA4 /* Frameworks */ = {
			isa = PBXFrameworksBuildPhase;
			buildActionMask = 2147483647;
			files = (
			);
			runOnlyForDeploymentPostprocessing = 0;
		};
/* End PBXFrameworksBuildPhase section */

/* Begin PBXGroup section */
		492C7413214B2A2F009A4DA4 = {
			isa = PBXGroup;
			children = (
				492C741E214B2A2F009A4DA4 /* bltest */,
				492C741D214B2A2F009A4DA4 /* Products */,
			);
			sourceTree = "<group>";
		};
		492C741D214B2A2F009A4DA4 /* Products */ = {
			isa = PBXGroup;
			children = (
				492C741C214B2A2F009A4DA4 /* bltest */,
			);
			name = Products;
			sourceTree = "<group>";
		};
		492C741E214B2A2F009A4DA4 /* bltest */ = {
			isa = PBXGroup;
			children = (
				49A2AC3A214B7697006F2AEE /* src */,
			);
			path = bltest;
			sourceTree = "<group>";
		};
		49A2AC3A214B7697006F2AEE /* src */ = {
			isa = PBXGroup;
			children = (
				49A2AC4D214B76D3006F2AEE /* BootShell.cpp */,
				49A2AC40214B76D2006F2AEE /* BootShell.h */,
				49A2AC42214B76D2006F2AEE /* defs.h */,
				49A2AC46214B76D2006F2AEE /* dlmalloc.c */,
				49A2AC49214B76D3006F2AEE /* GPIO.cpp */,
				49A2AC47214B76D2006F2AEE /* GPIO.h */,
				49A2AC4C214B76D3006F2AEE /* InterruptManager.cpp */,
				49A2AC3B214B76D0006F2AEE /* InterruptManager.h */,
				49A2AC3C214B76D1006F2AEE /* lib1funcs.asm */,
				49A2AC3E214B76D1006F2AEE /* main.cpp */,
				49A2AC4E214B76D4006F2AEE /* memory.cpp */,
				49A2AC3D214B76D1006F2AEE /* Serial.cpp */,
				49A2AC44214B76D2006F2AEE /* Serial.h */,
				49A2AC4A214B76D3006F2AEE /* Shell.cpp */,
				49A2AC3F214B76D1006F2AEE /* Shell.h */,
				49A2AC4F214B76D4006F2AEE /* start.S */,
				49A2AC41214B76D2006F2AEE /* String.h */,
				49A2AC45214B76D2006F2AEE /* Timer.cpp */,
				49A2AC43214B76D2006F2AEE /* Timer.h */,
				49A2AC4B214B76D3006F2AEE /* util.cpp */,
				49A2AC48214B76D2006F2AEE /* util.h */,
			);
			name = src;
			sourceTree = "<group>";
		};
/* End PBXGroup section */

/* Begin PBXNativeTarget section */
		492C741B214B2A2F009A4DA4 /* bltest */ = {
			isa = PBXNativeTarget;
			buildConfigurationList = 492C7423214B2A2F009A4DA4 /* Build configuration list for PBXNativeTarget "bltest" */;
			buildPhases = (
				492C7418214B2A2F009A4DA4 /* Sources */,
				492C7419214B2A2F009A4DA4 /* Frameworks */,
				492C741A214B2A2F009A4DA4 /* CopyFiles */,
			);
			buildRules = (
			);
			dependencies = (
			);
			name = bltest;
			productName = bltest;
			productReference = 492C741C214B2A2F009A4DA4 /* bltest */;
			productType = "com.apple.product-type.tool";
		};
/* End PBXNativeTarget section */

/* Begin PBXProject section */
		492C7414214B2A2F009A4DA4 /* Project object */ = {
			isa = PBXProject;
			attributes = {
				LastUpgradeCheck = 0940;
				ORGANIZATIONNAME = MarrinTech;
				TargetAttributes = {
					492C741B214B2A2F009A4DA4 = {
						CreatedOnToolsVersion = 9.4.1;
					};
				};
			};
			buildConfigurationList = 492C7417214B2A2F009A4DA4 /* Build configuration list for PBXProject "bltest" */;
			compatibilityVersion = "Xcode 9.3";
			developmentRegion = en;
			hasScannedForEncodings = 0;
			knownRegions = (
				en,
			);
			mainGroup = 492C7413214B2A2F009A4DA4;
			productRefGroup = 492C741D214B2A2F009A4DA4 /* Products */;
			projectDirPath = "";
			projectRoot = "";
			targets = (
				492C741B214B2A2F009A4DA4 /* bltest */,
			);
		};
/* End PBXProject section */

/* Begin PBXSourcesBuildPhase section */
		492C7418214B2A2F009A4DA4 /* Sources */ = {
			isa = PBXSourcesBuildPhase;
			buildActionMask = 2147483647;
			files = (
				49A2AC51214B76D4006F2AEE /* Serial.cpp in Sources */,
				49A2AC57214B76D4006F2AEE /* util.cpp in Sources */,
				49A2AC56214B76D4006F2AEE /* Shell.cpp in Sources */,
				49A2AC52214B76D4006F2AEE /* main.cpp in Sources */,
				49A2AC53214B76D4006F2AEE /* Timer.cpp in Sources */,
				49A2AC59214B76D4006F2AEE /* BootShell.cpp in Sources */,
				49A2AC55214B76D4006F2AEE /* GPIO.cpp in Sources */,
				49A2AC58214B76D4006F2AEE /* InterruptManager.cpp in Sources */,
			);
			runOnlyForDeploymentPostprocessing = 0;
		};
/* End PBXSourcesBuildPhase section */

/* Begin XCBuildConfiguration section */
		492C7421214B2A2F009A4DA4 /* Debug */ = {
			isa = XCBuildConfiguration;
			buildSettings = {
				ALWAYS_SEARCH_USER_PATHS = NO;
				CLANG_ANALYZER_NONNULL = YES;
				CLANG_ANALYZER_NUMBER_OBJECT_CONVERSION = YES_AGGRESSIVE;
				CLANG_CXX_LANGUAGE_STANDARD = "gnu++14";
				CLANG_CXX_LIBRARY = "libc++";
				CLANG_ENABLE_MODULES = YES;
				CLANG_ENABLE_OBJC_ARC = YES;
				CLANG_ENABLE_OBJC_WEAK = YES;
				CLANG_WARN_BLOCK_CAPTURE_AUTORELEASING = YES;
				CLANG_WARN_BOOL_CONVERSION = YES;
				CLANG_WARN_COMMA = YES;
				CLANG_WARN_CONSTANT_CONVERSION = YES;
				CLANG_WARN_DEPRECATED_OBJC_IMPLEMENTATIONS = YES;
				CLANG_WARN_DIRECT_OBJC_ISA_USAGE = YES_ERROR;
				CLANG_WARN_DOCUMENTATION_COMMENTS = YES;
				CLANG_WARN_EMPTY_BODY = YES;
				CLANG_WARN_ENUM_CONVERSION = YES;
				CLANG_WARN_INFINITE_RECURSION = YES;
				CLANG_WARN_INT_CONVERSION = YES;
				CLANG_WARN_NON_LITERAL_NULL_CONVERSION = YES;
				CLANG_WARN_OBJC_IMPLICIT_RETAIN_SELF = YES;
				CLANG_WARN_OBJC_LITERAL_CONVERSION = YES;
				CLANG_WARN_OBJC_ROOT_CLASS = YES_ERROR;
				CLANG_WARN_RANGE_LOOP_ANALYSIS = YES;
				CLANG_WARN_STRICT_PROTOTYPES = YES;
				CLANG_WARN_SUSPICIOUS_MOVE = YES;
				CLANG_WARN_UNGUARDED_AVAILABILITY = YES_AGGRESSIVE;
				CLANG_WARN_UNREACHABLE_CODE = YES;
				CLANG_WARN__DUPLICATE_METHOD_MATCH = YES;
				CODE_SIGN_IDENTITY = "-";
				COPY_PHASE_STRIP = NO;
				DEBUG_INFORMATION_FORMAT = dwarf;
				ENABLE_STRICT_OBJC_MSGSEND = YES;
				ENABLE_TESTABILITY = YES;
				GCC_C_LANGUAGE_STANDARD = gnu11;
				GCC_DYNAMIC_NO_PIC = NO;
				GCC_NO_COMMON_BLOCKS = YES;
				GCC_OPTIMIZATION_LEVEL = 0;
				GCC_PREPROCESSOR_DEFINITIONS = (
					"DEBUG=1",
					"$(inherited)",
				);
				GCC_WARN_64_TO_32_BIT_CONVERSION = YES;
				GCC_WARN_ABOUT_RETURN_TYPE = YES_ERROR;
				GCC_WARN_UNDECLARED_SELECTOR = YES;
				GCC_WARN_UNINITIALIZED_AUTOS = YES_AGGRESSIVE;
				GCC_WARN_UNUSED_FUNCTION = YES;
				GCC_WARN_UNUSED_VARIABLE = YES;
				MACOSX_DEPLOYMENT_TARGET = 10.13;
				MTL_ENABLE_DEBUG_INFO = YES;
				ONLY_ACTIVE_ARCH = YES;
				SDKROOT = macosx;
			};
			name = Debug;
		};
		492C7422214B2A2F009A4DA4 /* Release */ = {
			isa = XCBuildConfiguration;
			buildSettings = {
				ALWAYS_SEARCH_USER_PATHS = NO;
				CLANG_ANALYZER_NONNULL = YES;
				CLANG_ANALYZER_NUMBER_OBJECT_CONVERSION = YES_AGGRESSIVE;
				CLANG_CXX_LANGUAGE_STANDARD = "gnu++14";
				CLANG_CXX_LIBRARY = "libc++";
				CLANG_ENABLE_MODULES = YES;
				CLANG_ENABLE_OBJC_ARC = YES;
				CLANG_ENABLE_OBJC_WEAK = YES;
				CLANG_WARN_BLOCK_CAPTURE_AUTORELEASING = YES;
				CLANG_WARN_BOOL_CONVERSION = YES;
				CLANG_WARN_COMMA = YES;
				CLANG_WARN_CONSTANT_CONVERSION = YES;
				CLANG_WARN_DEPRECATED_OBJC_IMPLEMENTATIONS = YES;
				CLANG_WARN_DIRECT_OBJC_ISA_USAGE = YES_ERROR;
				CLANG_WARN_DOCUMENTATION_COMMENTS = YES;
				CLANG_WARN_EMPTY_BODY = YES;
				CLANG_WARN_ENUM_CONVERSION = YES;
				CLANG_WARN_INFINITE_RECURSION = YES;
				CLANG_WARN_INT_CONVERSION = YES;
				CLANG_WARN_NON_LITERAL_NULL_CONVERSION = YES;
				CLANG_WARN_OBJC_IMPLICIT_RETAIN_SELF = YES;
				CLANG_WARN_OBJC_LITERAL_CONVERSION = YES;
				CLANG_WARN_OBJC_ROOT_CLASS = YES_ERROR;
				CLANG_WARN_RANGE_LOOP_ANALYSIS = YES;
				CLANG_WARN_STRICT_PROTOTYPES = YES;
				CLANG_WARN_SUSPICIOUS_MOVE = YES;
				CLANG_WARN_UNGUARDED_AVAILABILITY = YES_AGGRESSIVE;
				CLANG_WARN_UNREACHABLE_CODE = YES;
				CLANG_WARN__DUPLICATE_METHOD_MATCH = YES;
				CODE_SIGN_IDENTITY = "-";
				COPY_PHASE_STRIP = NO;
				DEBUG_INFORMATION_FORMAT = "dwarf-with-dsym";
				ENABLE_NS_ASSERTIONS = NO;
				ENABLE_STRICT_OBJC_MSGSEND = YES;
				GCC_C_LANGUAGE_STANDARD = gnu11;
				GCC_NO_COMMON_BLOCKS = YES;
				GCC_WARN_64_TO_32_BIT_CONVERSION = YES;
				GCC_WARN_ABOUT_RETURN_TYPE = YES_ERROR;
				GCC_WARN_UNDECLARED_SELECTOR = YES;
				GCC_WARN_UNINITIALIZED_AUTOS = YES_AGGRESSIVE;
				GCC_WARN_UNUSED_FUNCTION = YES;
				GCC_WARN_UNUSED_VARIABLE = YES;
				MACOSX_DEPLOYMENT_TARGET = 10.13;
				MTL_ENABLE_DEBUG_INFO = NO;
				SDKROOT = macosx;
			};
			name = Release;
		};
		492C7424214B2A2F009A4DA4 /* Debug */ = {
			isa = XCBuildConfiguration;
			buildSettings = {
				CODE_SIGN_STYLE = Automatic;
				PRODUCT_NAME = "$(TARGET_NAME)";
			};
			name = Debug;
		};
		492C7425214B2A2F009A4DA4 /* Release */ = {
			isa = XCBuildConfiguration;
			buildSettings = {
				CODE_SIGN_STYLE = Automatic;
				PRODUCT_NAME = "$(TARGET_NAME)";
			};
			name = Release;
		};
/* End XCBuildConfiguration section */

/* Begin XCConfigurationList section */
		492C7417214B2A2F009A4DA4 /* Build configuration list for PBXProject "bltest" */ = {
			isa = XCConfigurationList;
			buildConfigurations = (
				492C7421214B2A2F009A4DA4 /* Debug */,
				492C7422214B2A2F009A4DA4 /* Release */,
			);
			defaultConfigurationIsVisible = 0;
			defaultConfigurationName = Release;
		};
		492C7423214B2A2F009A4DA4 /* Build configuration list for PBXNativeTarget "bltest" */ = {
			isa = XCConfigurationList;
			buildConfigurations = (
				492C7424214B2A2F009A4DA4 /* Debug */,
				492C7425214B2A2F009A4DA4 /* Release */,
			);
			defaultConfigurationIsVisible = 0;
			defaultConfigurationName = Release;
		};
/* End XCConfigurationList section */
	};
	rootObject = 492C7414214B2A2F009A4DA4 /* Project object */;
}
