// !$*UTF8*$!
{
	archiveVersion = 1;
	classes = {
	};
	objectVersion = 50;
	objects = {

/* Begin PBXBuildFile section */
		49166D4721514C060077ACEE /* BootShell.cpp in Sources */ = {isa = PBXBuildFile; fileRef = 49166D3221514C050077ACEE /* BootShell.cpp */; };
		49166D4B21514C060077ACEE /* Shell.cpp in Sources */ = {isa = PBXBuildFile; fileRef = 49166D3A21514C050077ACEE /* Shell.cpp */; };
		49166D4F21514C060077ACEE /* main.cpp in Sources */ = {isa = PBXBuildFile; fileRef = 49166D3E21514C050077ACEE /* main.cpp */; };
		49166D702153F0FE0077ACEE /* main.cpp in Sources */ = {isa = PBXBuildFile; fileRef = 49166D6F2153F0FE0077ACEE /* main.cpp */; };
		492FF402215C5359003582FE /* Timer.cpp in Sources */ = {isa = PBXBuildFile; fileRef = 492FF3FE215C5359003582FE /* Timer.cpp */; };
		492FF403215C5359003582FE /* Timer.h in Headers */ = {isa = PBXBuildFile; fileRef = 492FF3FF215C5359003582FE /* Timer.h */; };
		492FF404215C5359003582FE /* InterruptManager.h in Headers */ = {isa = PBXBuildFile; fileRef = 492FF400215C5359003582FE /* InterruptManager.h */; };
		492FF408215D479A003582FE /* FAT32.cpp in Sources */ = {isa = PBXBuildFile; fileRef = 492FF406215D4799003582FE /* FAT32.cpp */; };
		492FF409215D479A003582FE /* FAT32.h in Headers */ = {isa = PBXBuildFile; fileRef = 492FF407215D479A003582FE /* FAT32.h */; };
		4932ACF22167156E00BDAABB /* Allocator.cpp in Sources */ = {isa = PBXBuildFile; fileRef = 4932ACF02167156E00BDAABB /* Allocator.cpp */; };
		4932ACF921689A5600BDAABB /* Scanner.cpp in Sources */ = {isa = PBXBuildFile; fileRef = 4932ACF721689A5500BDAABB /* Scanner.cpp */; };
		494FD6062198ACFA005C2A6B /* DarwinBare.cpp in Sources */ = {isa = PBXBuildFile; fileRef = 494FD6052198ACFA005C2A6B /* DarwinBare.cpp */; };
		494FD60B2198EA9A005C2A6B /* DarwinGPIO.cpp in Sources */ = {isa = PBXBuildFile; fileRef = 494FD6092198EA27005C2A6B /* DarwinGPIO.cpp */; };
		494FD60E2199CF22005C2A6B /* DarwinSDCard.cpp in Sources */ = {isa = PBXBuildFile; fileRef = 494FD60C2199CEAB005C2A6B /* DarwinSDCard.cpp */; };
		494FD6132199D17F005C2A6B /* DarwinSerial.cpp in Sources */ = {isa = PBXBuildFile; fileRef = 494FD60F2199CFDC005C2A6B /* DarwinSerial.cpp */; };
		494FD6142199D18B005C2A6B /* Serial.cpp in Sources */ = {isa = PBXBuildFile; fileRef = 494FD6112199D070005C2A6B /* Serial.cpp */; };
		494FD61B2199D3DD005C2A6B /* DarwinTimer.cpp in Sources */ = {isa = PBXBuildFile; fileRef = 494FD6192199D3DD005C2A6B /* DarwinTimer.cpp */; };
		494FD61D2199D571005C2A6B /* DarwinSPI.cpp in Sources */ = {isa = PBXBuildFile; fileRef = 494FD6152199D2E2005C2A6B /* DarwinSPI.cpp */; };
		494FD6212199E64F005C2A6B /* Memory.h in Headers */ = {isa = PBXBuildFile; fileRef = 494FD61F2199E64F005C2A6B /* Memory.h */; };
		494FD6232199E6D1005C2A6B /* DarwinMemory.cpp in Sources */ = {isa = PBXBuildFile; fileRef = 494FD6222199E6D0005C2A6B /* DarwinMemory.cpp */; };
		494FD633219F7E13005C2A6B /* fpconv.cpp in Sources */ = {isa = PBXBuildFile; fileRef = 494FD630219F7E13005C2A6B /* fpconv.cpp */; };
		494FD635219F8951005C2A6B /* PrintFloat.cpp in Sources */ = {isa = PBXBuildFile; fileRef = 494FD634219F8951005C2A6B /* PrintFloat.cpp */; };
		494FD63821A08894005C2A6B /* printf-emb_tiny.cpp in Sources */ = {isa = PBXBuildFile; fileRef = 494FD63621A08885005C2A6B /* printf-emb_tiny.cpp */; };
		494FD64F21ABDB5D005C2A6B /* WiFiSpi.cpp in Sources */ = {isa = PBXBuildFile; fileRef = 494FD64D21AB4338005C2A6B /* WiFiSpi.cpp */; };
		494FD65321AC5A4A005C2A6B /* WiFiSpiDriver.cpp in Sources */ = {isa = PBXBuildFile; fileRef = 494FD65021AC5991005C2A6B /* WiFiSpiDriver.cpp */; };
		49629556215929410064B9C9 /* autoload.cpp in Sources */ = {isa = PBXBuildFile; fileRef = 496295542159286E0064B9C9 /* autoload.cpp */; };
		4962957A215AA53B0064B9C9 /* bare.cpp in Sources */ = {isa = PBXBuildFile; fileRef = 49629576215AA53B0064B9C9 /* bare.cpp */; };
		4962957C215AA53B0064B9C9 /* bare.h in Headers */ = {isa = PBXBuildFile; fileRef = 49629578215AA53B0064B9C9 /* bare.h */; };
		4962958A215AAA760064B9C9 /* libbaremetal.a in Frameworks */ = {isa = PBXBuildFile; fileRef = 49629571215AA4DF0064B9C9 /* libbaremetal.a */; };
		4962958C215AAA800064B9C9 /* libbaremetal.a in Frameworks */ = {isa = PBXBuildFile; fileRef = 49629571215AA4DF0064B9C9 /* libbaremetal.a */; };
		49657892216BFDA200B3F088 /* Volume.cpp in Sources */ = {isa = PBXBuildFile; fileRef = 492FF3F1215C4F72003582FE /* Volume.cpp */; };
		49657899216D1E2D00B3F088 /* FileSystem.cpp in Sources */ = {isa = PBXBuildFile; fileRef = 49657897216D1E2D00B3F088 /* FileSystem.cpp */; };
		496C3BB5217D0689004DBC22 /* nanoalloc.cpp in Sources */ = {isa = PBXBuildFile; fileRef = 496C3BB3217D02CC004DBC22 /* nanoalloc.cpp */; };
		496C3BBC217E23E9004DBC22 /* FAT32DirectoryIterator.cpp in Sources */ = {isa = PBXBuildFile; fileRef = 496C3BB9217E2368004DBC22 /* FAT32DirectoryIterator.cpp */; };
		496C3BBD217E23F5004DBC22 /* FAT32RawFile.cpp in Sources */ = {isa = PBXBuildFile; fileRef = 496C3BB6217E225B004DBC22 /* FAT32RawFile.cpp */; };
		49731F75216E23C600F9A79F /* FAT32.img in CopyFiles */ = {isa = PBXBuildFile; fileRef = 49731F74216E23AC00F9A79F /* FAT32.img */; };
		49731F7A216EAB4000F9A79F /* XYModem.cpp in Sources */ = {isa = PBXBuildFile; fileRef = 49731F78216E914500F9A79F /* XYModem.cpp */; };
		497E4DEC21E02F6E0061779D /* init.cpp in Sources */ = {isa = PBXBuildFile; fileRef = 4992122721CDA4A700AA7656 /* init.cpp */; };
		497EE45B2161442D000584CE /* Print.cpp in Sources */ = {isa = PBXBuildFile; fileRef = 497EE458216138E2000584CE /* Print.cpp */; };
		4992122521CD955900AA7656 /* (null) in Sources */ = {isa = PBXBuildFile; };
		4992122621CD959900AA7656 /* (null) in Sources */ = {isa = PBXBuildFile; };
		4992122821CDA4A700AA7656 /* init.cpp in Sources */ = {isa = PBXBuildFile; fileRef = 4992122721CDA4A700AA7656 /* init.cpp */; };
		49BC3FF821BD9C3200D62847 /* DarwinGraphics.cpp in Sources */ = {isa = PBXBuildFile; fileRef = 49BC3FF721BD9C3200D62847 /* DarwinGraphics.cpp */; };
		49BC3FFA21BDC82200D62847 /* OpenGL.framework in Frameworks */ = {isa = PBXBuildFile; fileRef = 49BC3FF921BDC82200D62847 /* OpenGL.framework */; };
		49BC3FFC21BDC84E00D62847 /* GLUT.framework in Frameworks */ = {isa = PBXBuildFile; fileRef = 49BC3FFB21BDC84D00D62847 /* GLUT.framework */; };
		49BC3FFE21BEE04800D62847 /* CoreFoundation.framework in Frameworks */ = {isa = PBXBuildFile; fileRef = 49BC3FFD21BEE04800D62847 /* CoreFoundation.framework */; };
		49BC400021BEE06900D62847 /* CoreGraphics.framework in Frameworks */ = {isa = PBXBuildFile; fileRef = 49BC3FFF21BEE06900D62847 /* CoreGraphics.framework */; };
		49BC400221BEE07E00D62847 /* CoreVideo.framework in Frameworks */ = {isa = PBXBuildFile; fileRef = 49BC400121BEE07E00D62847 /* CoreVideo.framework */; };
		49BC400421BEE0B800D62847 /* IOKit.framework in Frameworks */ = {isa = PBXBuildFile; fileRef = 49BC400321BEE0B800D62847 /* IOKit.framework */; };
		49BC400621BEE0D900D62847 /* AppKit.framework in Frameworks */ = {isa = PBXBuildFile; fileRef = 49BC400521BEE0D900D62847 /* AppKit.framework */; };
		49BC402F21C05ED600D62847 /* AppDelegate.m in Sources */ = {isa = PBXBuildFile; fileRef = 49BC402E21C05ED600D62847 /* AppDelegate.m */; };
		49BC403221C05ED600D62847 /* Renderer.m in Sources */ = {isa = PBXBuildFile; fileRef = 49BC403121C05ED600D62847 /* Renderer.m */; };
		49BC403521C05ED600D62847 /* GameViewController.m in Sources */ = {isa = PBXBuildFile; fileRef = 49BC403421C05ED600D62847 /* GameViewController.m */; };
		49BC403721C05ED600D62847 /* Shaders.metal in Sources */ = {isa = PBXBuildFile; fileRef = 49BC403621C05ED600D62847 /* Shaders.metal */; };
		49BC403A21C05ED700D62847 /* Assets.xcassets in Resources */ = {isa = PBXBuildFile; fileRef = 49BC403921C05ED700D62847 /* Assets.xcassets */; };
		49BC403D21C05ED700D62847 /* Main.storyboard in Resources */ = {isa = PBXBuildFile; fileRef = 49BC403B21C05ED700D62847 /* Main.storyboard */; };
		49BC404021C05ED700D62847 /* main.m in Sources */ = {isa = PBXBuildFile; fileRef = 49BC403F21C05ED700D62847 /* main.m */; };
		49BC404621C06D8300D62847 /* Allocator.cpp in Sources */ = {isa = PBXBuildFile; fileRef = 4932ACF02167156E00BDAABB /* Allocator.cpp */; };
		49BC404721C06D8600D62847 /* BootShell.cpp in Sources */ = {isa = PBXBuildFile; fileRef = 49166D3221514C050077ACEE /* BootShell.cpp */; };
		49BC404821C06D8B00D62847 /* FileSystem.cpp in Sources */ = {isa = PBXBuildFile; fileRef = 49657897216D1E2D00B3F088 /* FileSystem.cpp */; };
		49BC404921C06D9000D62847 /* Scanner.cpp in Sources */ = {isa = PBXBuildFile; fileRef = 4932ACF721689A5500BDAABB /* Scanner.cpp */; };
		49BC404A21C06D9500D62847 /* Shell.cpp in Sources */ = {isa = PBXBuildFile; fileRef = 49166D3A21514C050077ACEE /* Shell.cpp */; };
		49BC404B21C08B7A00D62847 /* libbaremetal.a in Frameworks */ = {isa = PBXBuildFile; fileRef = 49629571215AA4DF0064B9C9 /* libbaremetal.a */; };
		49BC404C21C08BD700D62847 /* String.cpp in Sources */ = {isa = PBXBuildFile; fileRef = 494FD64B21AB36E4005C2A6B /* String.cpp */; };
		49BC405021C19C0A00D62847 /* DarwinMutex.cpp in Sources */ = {isa = PBXBuildFile; fileRef = 49BC404E21C19BA000D62847 /* DarwinMutex.cpp */; };
		49BC405221C19CCA00D62847 /* RPiMutex.cpp in Sources */ = {isa = PBXBuildFile; fileRef = 49BC405121C19CCA00D62847 /* RPiMutex.cpp */; };
/* End PBXBuildFile section */

/* Begin PBXContainerItemProxy section */
		49629582215AA9E90064B9C9 /* PBXContainerItemProxy */ = {
			isa = PBXContainerItemProxy;
			containerPortal = 492C7414214B2A2F009A4DA4 /* Project object */;
			proxyType = 1;
			remoteGlobalIDString = 49629570215AA4DF0064B9C9;
			remoteInfo = util;
		};
		49629586215AA9F20064B9C9 /* PBXContainerItemProxy */ = {
			isa = PBXContainerItemProxy;
			containerPortal = 492C7414214B2A2F009A4DA4 /* Project object */;
			proxyType = 1;
			remoteGlobalIDString = 49629570215AA4DF0064B9C9;
			remoteInfo = util;
		};
/* End PBXContainerItemProxy section */

/* Begin PBXCopyFilesBuildPhase section */
		49166D6B2153F0FE0077ACEE /* CopyFiles */ = {
			isa = PBXCopyFilesBuildPhase;
			buildActionMask = 2147483647;
			dstPath = /usr/share/man/man1/;
			dstSubfolderSpec = 0;
			files = (
			);
			runOnlyForDeploymentPostprocessing = 1;
		};
		492C741A214B2A2F009A4DA4 /* CopyFiles */ = {
			isa = PBXCopyFilesBuildPhase;
			buildActionMask = 2147483647;
			dstPath = /usr/share/man/man1/;
			dstSubfolderSpec = 0;
			files = (
			);
			runOnlyForDeploymentPostprocessing = 1;
		};
		49731F73216E239300F9A79F /* CopyFiles */ = {
			isa = PBXCopyFilesBuildPhase;
			buildActionMask = 2147483647;
			dstPath = "";
			dstSubfolderSpec = 16;
			files = (
				49731F75216E23C600F9A79F /* FAT32.img in CopyFiles */,
			);
			runOnlyForDeploymentPostprocessing = 0;
		};
		498747862191F68E00245E91 /* CopyFiles */ = {
			isa = PBXCopyFilesBuildPhase;
			buildActionMask = 2147483647;
			dstPath = /usr/share/man/man1/;
			dstSubfolderSpec = 0;
			files = (
			);
			runOnlyForDeploymentPostprocessing = 1;
		};
/* End PBXCopyFilesBuildPhase section */

/* Begin PBXFileReference section */
		49166D2A21514BDE0077ACEE /* Makefile */ = {isa = PBXFileReference; explicitFileType = sourcecode.make; fileEncoding = 4; name = Makefile; path = ../kernel/Makefile; sourceTree = "<group>"; usesTabs = 1; };
		49166D3021514C050077ACEE /* Shell.h */ = {isa = PBXFileReference; fileEncoding = 4; lastKnownFileType = sourcecode.c.h; name = Shell.h; path = ../../kernel/src/Shell.h; sourceTree = "<group>"; };
		49166D3121514C050077ACEE /* kernel.S */ = {isa = PBXFileReference; fileEncoding = 4; lastKnownFileType = sourcecode.asm; name = kernel.S; path = ../../kernel/src/kernel.S; sourceTree = "<group>"; };
		49166D3221514C050077ACEE /* BootShell.cpp */ = {isa = PBXFileReference; fileEncoding = 4; lastKnownFileType = sourcecode.cpp.cpp; name = BootShell.cpp; path = ../../kernel/src/BootShell.cpp; sourceTree = "<group>"; };
		49166D3721514C050077ACEE /* lib1funcs.asm */ = {isa = PBXFileReference; lastKnownFileType = sourcecode.asm.asm; name = lib1funcs.asm; path = ../../kernel/src/lib1funcs.asm; sourceTree = "<group>"; };
		49166D3A21514C050077ACEE /* Shell.cpp */ = {isa = PBXFileReference; fileEncoding = 4; lastKnownFileType = sourcecode.cpp.cpp; name = Shell.cpp; path = ../../kernel/src/Shell.cpp; sourceTree = "<group>"; };
		49166D3E21514C050077ACEE /* main.cpp */ = {isa = PBXFileReference; fileEncoding = 4; lastKnownFileType = sourcecode.cpp.cpp; name = main.cpp; path = ../../kernel/src/main.cpp; sourceTree = "<group>"; };
		49166D3F21514C050077ACEE /* BootShell.h */ = {isa = PBXFileReference; fileEncoding = 4; lastKnownFileType = sourcecode.c.h; name = BootShell.h; path = ../../kernel/src/BootShell.h; sourceTree = "<group>"; };
		49166D5121514C2C0077ACEE /* config.txt */ = {isa = PBXFileReference; fileEncoding = 4; lastKnownFileType = text; name = config.txt; path = ../bootloader/bin/config.txt; sourceTree = "<group>"; };
		49166D562151914C0077ACEE /* loadmap.ld */ = {isa = PBXFileReference; lastKnownFileType = text; name = loadmap.ld; path = ../kernel/loadmap.ld; sourceTree = "<group>"; };
		49166D57215194260077ACEE /* Makefile */ = {isa = PBXFileReference; explicitFileType = sourcecode.make; name = Makefile; path = ../bootloader/Makefile; sourceTree = "<group>"; usesTabs = 1; };
		49166D592151AC5F0077ACEE /* bootloader.S */ = {isa = PBXFileReference; fileEncoding = 4; lastKnownFileType = sourcecode.asm; name = bootloader.S; path = ../bootloader/bootloader.S; sourceTree = "<group>"; };
		49166D5A2151AC5F0077ACEE /* loader */ = {isa = PBXFileReference; fileEncoding = 4; lastKnownFileType = text; name = loader; path = ../bootloader/loader; sourceTree = "<group>"; };
		49166D612153CA250077ACEE /* README.md */ = {isa = PBXFileReference; fileEncoding = 4; lastKnownFileType = net.daringfireball.markdown; name = README.md; path = ../bootloader/README.md; sourceTree = "<group>"; };
		49166D6D2153F0FE0077ACEE /* bltest */ = {isa = PBXFileReference; explicitFileType = "compiled.mach-o.executable"; includeInIndex = 0; path = bltest; sourceTree = BUILT_PRODUCTS_DIR; };
		49166D6F2153F0FE0077ACEE /* main.cpp */ = {isa = PBXFileReference; lastKnownFileType = sourcecode.cpp.cpp; name = main.cpp; path = ../bootloader/main.cpp; sourceTree = "<group>"; };
		492C741C214B2A2F009A4DA4 /* kerneltest */ = {isa = PBXFileReference; explicitFileType = "compiled.mach-o.executable"; includeInIndex = 0; path = kerneltest; sourceTree = BUILT_PRODUCTS_DIR; };
		492FF3EB215AF47A003582FE /* RPiGPIO.cpp */ = {isa = PBXFileReference; fileEncoding = 4; lastKnownFileType = sourcecode.cpp.cpp; name = RPiGPIO.cpp; path = ../baremetal/RPi/RPiGPIO.cpp; sourceTree = "<group>"; };
		492FF3EC215AF47B003582FE /* GPIO.h */ = {isa = PBXFileReference; fileEncoding = 4; lastKnownFileType = sourcecode.c.h; path = GPIO.h; sourceTree = "<group>"; };
		492FF3EF215C4F72003582FE /* Volume.h */ = {isa = PBXFileReference; fileEncoding = 4; lastKnownFileType = sourcecode.c.h; path = Volume.h; sourceTree = "<group>"; };
		492FF3F0215C4F72003582FE /* RPiMailbox.h */ = {isa = PBXFileReference; fileEncoding = 4; lastKnownFileType = sourcecode.c.h; name = RPiMailbox.h; path = ../baremetal/RPi/RPiMailbox.h; sourceTree = "<group>"; };
		492FF3F1215C4F72003582FE /* Volume.cpp */ = {isa = PBXFileReference; fileEncoding = 4; lastKnownFileType = sourcecode.cpp.cpp; name = Volume.cpp; path = ../baremetal/Volume.cpp; sourceTree = "<group>"; };
		492FF3F3215C4F72003582FE /* RPiMailbox.cpp */ = {isa = PBXFileReference; fileEncoding = 4; lastKnownFileType = sourcecode.cpp.cpp; name = RPiMailbox.cpp; path = ../baremetal/RPi/RPiMailbox.cpp; sourceTree = "<group>"; };
		492FF3F8215C528C003582FE /* RPiSerial.cpp */ = {isa = PBXFileReference; fileEncoding = 4; lastKnownFileType = sourcecode.cpp.cpp; name = RPiSerial.cpp; path = ../baremetal/RPi/RPiSerial.cpp; sourceTree = "<group>"; };
		492FF3FE215C5359003582FE /* Timer.cpp */ = {isa = PBXFileReference; fileEncoding = 4; lastKnownFileType = sourcecode.cpp.cpp; name = Timer.cpp; path = ../baremetal/Timer.cpp; sourceTree = "<group>"; };
		492FF3FF215C5359003582FE /* Timer.h */ = {isa = PBXFileReference; fileEncoding = 4; lastKnownFileType = sourcecode.c.h; path = Timer.h; sourceTree = "<group>"; };
		492FF400215C5359003582FE /* InterruptManager.h */ = {isa = PBXFileReference; fileEncoding = 4; lastKnownFileType = sourcecode.c.h; path = InterruptManager.h; sourceTree = "<group>"; };
		492FF401215C5359003582FE /* RPiInterruptManager.cpp */ = {isa = PBXFileReference; fileEncoding = 4; lastKnownFileType = sourcecode.cpp.cpp; name = RPiInterruptManager.cpp; path = ../baremetal/RPi/RPiInterruptManager.cpp; sourceTree = "<group>"; };
		492FF406215D4799003582FE /* FAT32.cpp */ = {isa = PBXFileReference; fileEncoding = 4; lastKnownFileType = sourcecode.cpp.cpp; name = FAT32.cpp; path = ../baremetal/FAT32.cpp; sourceTree = "<group>"; };
		492FF407215D479A003582FE /* FAT32.h */ = {isa = PBXFileReference; fileEncoding = 4; lastKnownFileType = sourcecode.c.h; path = FAT32.h; sourceTree = "<group>"; };
		492FF40A2160045C003582FE /* README.md */ = {isa = PBXFileReference; lastKnownFileType = net.daringfireball.markdown; name = README.md; path = ../kernel/README.md; sourceTree = "<group>"; };
		4932ACEE2166770800BDAABB /* stackAddrs.h */ = {isa = PBXFileReference; lastKnownFileType = sourcecode.c.h; name = stackAddrs.h; path = ../../kernel/src/stackAddrs.h; sourceTree = "<group>"; };
		4932ACF02167156E00BDAABB /* Allocator.cpp */ = {isa = PBXFileReference; lastKnownFileType = sourcecode.cpp.cpp; name = Allocator.cpp; path = ../../kernel/src/Allocator.cpp; sourceTree = "<group>"; };
		4932ACF12167156E00BDAABB /* Allocator.h */ = {isa = PBXFileReference; lastKnownFileType = sourcecode.c.h; name = Allocator.h; path = ../../kernel/src/Allocator.h; sourceTree = "<group>"; };
		4932ACF521681EF200BDAABB /* ldivmod.S */ = {isa = PBXFileReference; fileEncoding = 4; lastKnownFileType = sourcecode.asm; name = ldivmod.S; path = ../baremetal/RPi/ldivmod.S; sourceTree = "<group>"; };
		4932ACF721689A5500BDAABB /* Scanner.cpp */ = {isa = PBXFileReference; fileEncoding = 4; lastKnownFileType = sourcecode.cpp.cpp; name = Scanner.cpp; path = ../../kernel/src/Scanner.cpp; sourceTree = "<group>"; };
		4932ACF821689A5600BDAABB /* Scanner.h */ = {isa = PBXFileReference; fileEncoding = 4; lastKnownFileType = sourcecode.c.h; name = Scanner.h; path = ../../kernel/src/Scanner.h; sourceTree = "<group>"; };
		4932ACFA2168A8C600BDAABB /* MStream.h */ = {isa = PBXFileReference; fileEncoding = 4; lastKnownFileType = sourcecode.c.h; name = MStream.h; path = ../../kernel/src/MStream.h; sourceTree = "<group>"; };
		494FD5FC219615FE005C2A6B /* XYModem.h */ = {isa = PBXFileReference; lastKnownFileType = sourcecode.c.h; path = XYModem.h; sourceTree = "<group>"; };
		494FD6002197A44F005C2A6B /* Serial.h */ = {isa = PBXFileReference; fileEncoding = 4; lastKnownFileType = sourcecode.c.h; path = Serial.h; sourceTree = "<group>"; };
		494FD6032198ACDB005C2A6B /* RPiBare.cpp */ = {isa = PBXFileReference; lastKnownFileType = sourcecode.cpp.cpp; name = RPiBare.cpp; path = ../baremetal/RPi/RPiBare.cpp; sourceTree = "<group>"; };
		494FD6052198ACFA005C2A6B /* DarwinBare.cpp */ = {isa = PBXFileReference; lastKnownFileType = sourcecode.cpp.cpp; name = DarwinBare.cpp; path = ../baremetal/Darwin/DarwinBare.cpp; sourceTree = "<group>"; };
		494FD6082198C722005C2A6B /* Common.mk */ = {isa = PBXFileReference; lastKnownFileType = text; name = Common.mk; path = ../baremetal/Common.mk; sourceTree = "<group>"; usesTabs = 1; };
		494FD6092198EA27005C2A6B /* DarwinGPIO.cpp */ = {isa = PBXFileReference; lastKnownFileType = sourcecode.cpp.cpp; name = DarwinGPIO.cpp; path = ../baremetal/Darwin/DarwinGPIO.cpp; sourceTree = "<group>"; };
		494FD60C2199CEAB005C2A6B /* DarwinSDCard.cpp */ = {isa = PBXFileReference; lastKnownFileType = sourcecode.cpp.cpp; name = DarwinSDCard.cpp; path = ../baremetal/Darwin/DarwinSDCard.cpp; sourceTree = "<group>"; };
		494FD60F2199CFDC005C2A6B /* DarwinSerial.cpp */ = {isa = PBXFileReference; lastKnownFileType = sourcecode.cpp.cpp; name = DarwinSerial.cpp; path = ../baremetal/Darwin/DarwinSerial.cpp; sourceTree = "<group>"; };
		494FD6112199D070005C2A6B /* Serial.cpp */ = {isa = PBXFileReference; fileEncoding = 4; lastKnownFileType = sourcecode.cpp.cpp; name = Serial.cpp; path = ../baremetal/Serial.cpp; sourceTree = "<group>"; };
		494FD6152199D2E2005C2A6B /* DarwinSPI.cpp */ = {isa = PBXFileReference; fileEncoding = 4; lastKnownFileType = sourcecode.cpp.cpp; name = DarwinSPI.cpp; path = ../baremetal/Darwin/DarwinSPI.cpp; sourceTree = "<group>"; };
		494FD6162199D2E2005C2A6B /* RPiSPI.cpp */ = {isa = PBXFileReference; fileEncoding = 4; lastKnownFileType = sourcecode.cpp.cpp; name = RPiSPI.cpp; path = ../baremetal/RPi/RPiSPI.cpp; sourceTree = "<group>"; };
		494FD6192199D3DD005C2A6B /* DarwinTimer.cpp */ = {isa = PBXFileReference; fileEncoding = 4; lastKnownFileType = sourcecode.cpp.cpp; name = DarwinTimer.cpp; path = ../baremetal/Darwin/DarwinTimer.cpp; sourceTree = "<group>"; };
		494FD61A2199D3DD005C2A6B /* RPiTimer.cpp */ = {isa = PBXFileReference; fileEncoding = 4; lastKnownFileType = sourcecode.cpp.cpp; name = RPiTimer.cpp; path = ../baremetal/RPi/RPiTimer.cpp; sourceTree = "<group>"; };
		494FD61E2199E64F005C2A6B /* RPiMemory.cpp */ = {isa = PBXFileReference; fileEncoding = 4; lastKnownFileType = sourcecode.cpp.cpp; name = RPiMemory.cpp; path = ../baremetal/RPi/RPiMemory.cpp; sourceTree = "<group>"; };
		494FD61F2199E64F005C2A6B /* Memory.h */ = {isa = PBXFileReference; fileEncoding = 4; lastKnownFileType = sourcecode.c.h; path = Memory.h; sourceTree = "<group>"; };
		494FD6222199E6D0005C2A6B /* DarwinMemory.cpp */ = {isa = PBXFileReference; fileEncoding = 4; lastKnownFileType = sourcecode.cpp.cpp; name = DarwinMemory.cpp; path = ../baremetal/Darwin/DarwinMemory.cpp; sourceTree = "<group>"; };
		494FD626219B8091005C2A6B /* Float.h */ = {isa = PBXFileReference; fileEncoding = 4; lastKnownFileType = sourcecode.c.h; path = Float.h; sourceTree = "<group>"; };
		494FD628219B9E28005C2A6B /* idivmod.S */ = {isa = PBXFileReference; fileEncoding = 4; lastKnownFileType = sourcecode.asm; name = idivmod.S; path = ../baremetal/RPi/idivmod.S; sourceTree = "<group>"; };
		494FD62A219BA09C005C2A6B /* uidivmod.S */ = {isa = PBXFileReference; fileEncoding = 4; lastKnownFileType = sourcecode.asm; name = uidivmod.S; path = ../baremetal/RPi/uidivmod.S; sourceTree = "<group>"; };
		494FD62C219CA832005C2A6B /* RPiMemoryMin.cpp */ = {isa = PBXFileReference; fileEncoding = 4; lastKnownFileType = sourcecode.cpp.cpp; name = RPiMemoryMin.cpp; path = ../baremetal/RPi/RPiMemoryMin.cpp; sourceTree = "<group>"; };
		494FD62E219F7E13005C2A6B /* fpconv.h */ = {isa = PBXFileReference; fileEncoding = 4; lastKnownFileType = sourcecode.c.h; path = fpconv.h; sourceTree = "<group>"; };
		494FD62F219F7E13005C2A6B /* powers.h */ = {isa = PBXFileReference; fileEncoding = 4; lastKnownFileType = sourcecode.c.h; path = powers.h; sourceTree = "<group>"; };
		494FD630219F7E13005C2A6B /* fpconv.cpp */ = {isa = PBXFileReference; fileEncoding = 4; lastKnownFileType = sourcecode.cpp.cpp; name = fpconv.cpp; path = ../baremetal/fpconv.cpp; sourceTree = "<group>"; };
		494FD634219F8951005C2A6B /* PrintFloat.cpp */ = {isa = PBXFileReference; fileEncoding = 4; lastKnownFileType = sourcecode.cpp.cpp; name = PrintFloat.cpp; path = ../baremetal/PrintFloat.cpp; sourceTree = "<group>"; };
		494FD63621A08885005C2A6B /* printf-emb_tiny.cpp */ = {isa = PBXFileReference; fileEncoding = 4; lastKnownFileType = sourcecode.cpp.cpp; name = "printf-emb_tiny.cpp"; path = "../baremetal/printf-emb_tiny.cpp"; sourceTree = "<group>"; };
		494FD64321A896DE005C2A6B /* Makefile */ = {isa = PBXFileReference; fileEncoding = 4; lastKnownFileType = sourcecode.make; name = Makefile; path = ../ESPRPiWifi/Makefile; sourceTree = "<group>"; usesTabs = 1; };
		494FD64821AB225B005C2A6B /* WiFiSpi.h */ = {isa = PBXFileReference; fileEncoding = 4; lastKnownFileType = sourcecode.c.h; path = WiFiSpi.h; sourceTree = "<group>"; };
		494FD64921AB3596005C2A6B /* IPAddr.h */ = {isa = PBXFileReference; lastKnownFileType = sourcecode.c.h; path = IPAddr.h; sourceTree = "<group>"; };
		494FD64A21AB36D0005C2A6B /* String.h */ = {isa = PBXFileReference; fileEncoding = 4; lastKnownFileType = sourcecode.c.h; path = String.h; sourceTree = "<group>"; };
		494FD64B21AB36E4005C2A6B /* String.cpp */ = {isa = PBXFileReference; fileEncoding = 4; lastKnownFileType = sourcecode.cpp.cpp; name = String.cpp; path = ../baremetal/String.cpp; sourceTree = "<group>"; };
		494FD64D21AB4338005C2A6B /* WiFiSpi.cpp */ = {isa = PBXFileReference; fileEncoding = 4; lastKnownFileType = sourcecode.cpp.cpp; name = WiFiSpi.cpp; path = ../baremetal/WiFiSpi.cpp; sourceTree = "<group>"; };
		494FD65021AC5991005C2A6B /* WiFiSpiDriver.cpp */ = {isa = PBXFileReference; fileEncoding = 4; lastKnownFileType = sourcecode.cpp.cpp; name = WiFiSpiDriver.cpp; path = ../baremetal/WiFiSpiDriver.cpp; sourceTree = "<group>"; };
		494FD65221AC59AA005C2A6B /* WiFiSpiDriver.h */ = {isa = PBXFileReference; fileEncoding = 4; lastKnownFileType = sourcecode.c.h; name = WiFiSpiDriver.h; path = ../baremetal/WiFiSpiDriver.h; sourceTree = "<group>"; };
		496295542159286E0064B9C9 /* autoload.cpp */ = {isa = PBXFileReference; fileEncoding = 4; lastKnownFileType = sourcecode.cpp.cpp; name = autoload.cpp; path = ../bootloader/autoload.cpp; sourceTree = "<group>"; };
		49629571215AA4DF0064B9C9 /* libbaremetal.a */ = {isa = PBXFileReference; explicitFileType = archive.ar; includeInIndex = 0; path = libbaremetal.a; sourceTree = BUILT_PRODUCTS_DIR; };
		49629576215AA53B0064B9C9 /* bare.cpp */ = {isa = PBXFileReference; fileEncoding = 4; lastKnownFileType = sourcecode.cpp.cpp; name = bare.cpp; path = ../baremetal/bare.cpp; sourceTree = "<group>"; };
		49629578215AA53B0064B9C9 /* bare.h */ = {isa = PBXFileReference; fileEncoding = 4; lastKnownFileType = sourcecode.c.h; name = bare.h; path = ../baremetal/bare.h; sourceTree = "<group>"; };
		4962958F215AAF8F0064B9C9 /* Makefile */ = {isa = PBXFileReference; explicitFileType = sourcecode.make; fileEncoding = 4; name = Makefile; path = ../baremetal/Makefile; sourceTree = "<group>"; usesTabs = 1; };
		4965788C2169805800B3F088 /* RPiSDCard.cpp */ = {isa = PBXFileReference; lastKnownFileType = sourcecode.cpp.cpp; name = RPiSDCard.cpp; path = ../baremetal/RPi/RPiSDCard.cpp; sourceTree = "<group>"; };
		4965788D2169805800B3F088 /* SDCard.h */ = {isa = PBXFileReference; lastKnownFileType = sourcecode.c.h; path = SDCard.h; sourceTree = "<group>"; };
		49657897216D1E2D00B3F088 /* FileSystem.cpp */ = {isa = PBXFileReference; lastKnownFileType = sourcecode.cpp.cpp; path = FileSystem.cpp; sourceTree = "<group>"; };
		49657898216D1E2D00B3F088 /* FileSystem.h */ = {isa = PBXFileReference; lastKnownFileType = sourcecode.c.h; path = FileSystem.h; sourceTree = "<group>"; };
		496C3BAF216FEEE6004DBC22 /* sample.txt */ = {isa = PBXFileReference; fileEncoding = 4; lastKnownFileType = text; name = sample.txt; path = ../bootloader/bin/sample.txt; sourceTree = "<group>"; };
		496C3BB3217D02CC004DBC22 /* nanoalloc.cpp */ = {isa = PBXFileReference; lastKnownFileType = sourcecode.cpp.cpp; name = nanoalloc.cpp; path = ../bootloader/nanoalloc.cpp; sourceTree = "<group>"; };
		496C3BB6217E225B004DBC22 /* FAT32RawFile.cpp */ = {isa = PBXFileReference; lastKnownFileType = sourcecode.cpp.cpp; name = FAT32RawFile.cpp; path = ../baremetal/FAT32RawFile.cpp; sourceTree = "<group>"; };
		496C3BB7217E225B004DBC22 /* FAT32RawFile.h */ = {isa = PBXFileReference; lastKnownFileType = sourcecode.c.h; path = FAT32RawFile.h; sourceTree = "<group>"; };
		496C3BB9217E2368004DBC22 /* FAT32DirectoryIterator.cpp */ = {isa = PBXFileReference; lastKnownFileType = sourcecode.cpp.cpp; name = FAT32DirectoryIterator.cpp; path = ../baremetal/FAT32DirectoryIterator.cpp; sourceTree = "<group>"; };
		496C3BBA217E2368004DBC22 /* FAT32DirectoryIterator.h */ = {isa = PBXFileReference; lastKnownFileType = sourcecode.c.h; path = FAT32DirectoryIterator.h; sourceTree = "<group>"; };
		496C3BBF21876279004DBC22 /* SPI.h */ = {isa = PBXFileReference; lastKnownFileType = sourcecode.c.h; path = SPI.h; sourceTree = "<group>"; };
		496C3BC221891FC2004DBC22 /* Log.h */ = {isa = PBXFileReference; lastKnownFileType = sourcecode.c.h; path = Log.h; sourceTree = "<group>"; };
		49731F74216E23AC00F9A79F /* FAT32.img */ = {isa = PBXFileReference; lastKnownFileType = file; name = FAT32.img; path = ../baremetal/FAT32.img; sourceTree = "<group>"; };
		49731F78216E914500F9A79F /* XYModem.cpp */ = {isa = PBXFileReference; fileEncoding = 4; lastKnownFileType = sourcecode.cpp.cpp; name = XYModem.cpp; path = ../baremetal/XYModem.cpp; sourceTree = "<group>"; };
		497EE458216138E2000584CE /* Print.cpp */ = {isa = PBXFileReference; lastKnownFileType = sourcecode.cpp.cpp; name = Print.cpp; path = ../baremetal/Print.cpp; sourceTree = "<group>"; };
		497EE459216138E2000584CE /* Print.h */ = {isa = PBXFileReference; lastKnownFileType = sourcecode.c.h; path = Print.h; sourceTree = "<group>"; };
		498747882191F68E00245E91 /* ESPWifi */ = {isa = PBXFileReference; explicitFileType = "compiled.mach-o.executable"; includeInIndex = 0; path = ESPWifi; sourceTree = BUILT_PRODUCTS_DIR; };
		4992122721CDA4A700AA7656 /* init.cpp */ = {isa = PBXFileReference; fileEncoding = 4; lastKnownFileType = sourcecode.cpp.cpp; path = init.cpp; sourceTree = "<group>"; };
		4992122921CDA4D900AA7656 /* ELFLoaderConfig.h */ = {isa = PBXFileReference; fileEncoding = 4; lastKnownFileType = sourcecode.c.h; path = ELFLoaderConfig.h; sourceTree = "<group>"; };
		4992122A21CDA4D900AA7656 /* ELFLoader.h */ = {isa = PBXFileReference; fileEncoding = 4; lastKnownFileType = sourcecode.c.h; path = ELFLoader.h; sourceTree = "<group>"; };
		4992122B21CDA4D900AA7656 /* ELFLoader.cpp */ = {isa = PBXFileReference; fileEncoding = 4; lastKnownFileType = sourcecode.cpp.cpp; path = ELFLoader.cpp; sourceTree = "<group>"; };
		49BC3FF421BB0AEE00D62847 /* Graphics.h */ = {isa = PBXFileReference; lastKnownFileType = sourcecode.c.h; path = Graphics.h; sourceTree = "<group>"; };
		49BC3FF521BB34DE00D62847 /* RPiGraphics.cpp */ = {isa = PBXFileReference; lastKnownFileType = sourcecode.cpp.cpp; name = RPiGraphics.cpp; path = ../baremetal/RPi/RPiGraphics.cpp; sourceTree = "<group>"; };
		49BC3FF721BD9C3200D62847 /* DarwinGraphics.cpp */ = {isa = PBXFileReference; fileEncoding = 4; lastKnownFileType = sourcecode.cpp.cpp; name = DarwinGraphics.cpp; path = ../baremetal/Darwin/DarwinGraphics.cpp; sourceTree = "<group>"; };
		49BC3FF921BDC82200D62847 /* OpenGL.framework */ = {isa = PBXFileReference; lastKnownFileType = wrapper.framework; name = OpenGL.framework; path = System/Library/Frameworks/OpenGL.framework; sourceTree = SDKROOT; };
		49BC3FFB21BDC84D00D62847 /* GLUT.framework */ = {isa = PBXFileReference; lastKnownFileType = wrapper.framework; name = GLUT.framework; path = System/Library/Frameworks/GLUT.framework; sourceTree = SDKROOT; };
		49BC3FFD21BEE04800D62847 /* CoreFoundation.framework */ = {isa = PBXFileReference; lastKnownFileType = wrapper.framework; name = CoreFoundation.framework; path = System/Library/Frameworks/CoreFoundation.framework; sourceTree = SDKROOT; };
		49BC3FFF21BEE06900D62847 /* CoreGraphics.framework */ = {isa = PBXFileReference; lastKnownFileType = wrapper.framework; name = CoreGraphics.framework; path = System/Library/Frameworks/CoreGraphics.framework; sourceTree = SDKROOT; };
		49BC400121BEE07E00D62847 /* CoreVideo.framework */ = {isa = PBXFileReference; lastKnownFileType = wrapper.framework; name = CoreVideo.framework; path = System/Library/Frameworks/CoreVideo.framework; sourceTree = SDKROOT; };
		49BC400321BEE0B800D62847 /* IOKit.framework */ = {isa = PBXFileReference; lastKnownFileType = wrapper.framework; name = IOKit.framework; path = System/Library/Frameworks/IOKit.framework; sourceTree = SDKROOT; };
		49BC400521BEE0D900D62847 /* AppKit.framework */ = {isa = PBXFileReference; lastKnownFileType = wrapper.framework; name = AppKit.framework; path = System/Library/Frameworks/AppKit.framework; sourceTree = SDKROOT; };
		49BC402B21C05ED600D62847 /* drawtest.app */ = {isa = PBXFileReference; explicitFileType = wrapper.application; includeInIndex = 0; path = drawtest.app; sourceTree = BUILT_PRODUCTS_DIR; };
		49BC402D21C05ED600D62847 /* AppDelegate.h */ = {isa = PBXFileReference; lastKnownFileType = sourcecode.c.h; path = AppDelegate.h; sourceTree = "<group>"; };
		49BC402E21C05ED600D62847 /* AppDelegate.m */ = {isa = PBXFileReference; lastKnownFileType = sourcecode.c.objc; path = AppDelegate.m; sourceTree = "<group>"; };
		49BC403021C05ED600D62847 /* Renderer.h */ = {isa = PBXFileReference; lastKnownFileType = sourcecode.c.h; path = Renderer.h; sourceTree = "<group>"; };
		49BC403121C05ED600D62847 /* Renderer.m */ = {isa = PBXFileReference; lastKnownFileType = sourcecode.c.objc; path = Renderer.m; sourceTree = "<group>"; };
		49BC403321C05ED600D62847 /* GameViewController.h */ = {isa = PBXFileReference; lastKnownFileType = sourcecode.c.h; path = GameViewController.h; sourceTree = "<group>"; };
		49BC403421C05ED600D62847 /* GameViewController.m */ = {isa = PBXFileReference; lastKnownFileType = sourcecode.c.objc; path = GameViewController.m; sourceTree = "<group>"; };
		49BC403621C05ED600D62847 /* Shaders.metal */ = {isa = PBXFileReference; lastKnownFileType = sourcecode.metal; path = Shaders.metal; sourceTree = "<group>"; };
		49BC403821C05ED600D62847 /* ShaderTypes.h */ = {isa = PBXFileReference; lastKnownFileType = sourcecode.c.h; path = ShaderTypes.h; sourceTree = "<group>"; };
		49BC403921C05ED700D62847 /* Assets.xcassets */ = {isa = PBXFileReference; lastKnownFileType = folder.assetcatalog; path = Assets.xcassets; sourceTree = "<group>"; };
		49BC403C21C05ED700D62847 /* Base */ = {isa = PBXFileReference; lastKnownFileType = file.storyboard; name = Base; path = Base.lproj/Main.storyboard; sourceTree = "<group>"; };
		49BC403E21C05ED700D62847 /* Info.plist */ = {isa = PBXFileReference; lastKnownFileType = text.plist.xml; path = Info.plist; sourceTree = "<group>"; };
		49BC403F21C05ED700D62847 /* main.m */ = {isa = PBXFileReference; lastKnownFileType = sourcecode.c.objc; path = main.m; sourceTree = "<group>"; };
		49BC404121C05ED700D62847 /* drawtest.entitlements */ = {isa = PBXFileReference; lastKnownFileType = text.plist.entitlements; path = drawtest.entitlements; sourceTree = "<group>"; };
		49BC404D21C1976D00D62847 /* Mutex.h */ = {isa = PBXFileReference; lastKnownFileType = sourcecode.c.h; path = Mutex.h; sourceTree = "<group>"; };
		49BC404E21C19BA000D62847 /* DarwinMutex.cpp */ = {isa = PBXFileReference; lastKnownFileType = sourcecode.cpp.cpp; name = DarwinMutex.cpp; path = ../baremetal/Darwin/DarwinMutex.cpp; sourceTree = "<group>"; };
		49BC405121C19CCA00D62847 /* RPiMutex.cpp */ = {isa = PBXFileReference; fileEncoding = 4; lastKnownFileType = sourcecode.cpp.cpp; name = RPiMutex.cpp; path = ../baremetal/RPi/RPiMutex.cpp; sourceTree = "<group>"; };
/* End PBXFileReference section */

/* Begin PBXFrameworksBuildPhase section */
		49166D6A2153F0FE0077ACEE /* Frameworks */ = {
			isa = PBXFrameworksBuildPhase;
			buildActionMask = 2147483647;
			files = (
				4962958A215AAA760064B9C9 /* libbaremetal.a in Frameworks */,
			);
			runOnlyForDeploymentPostprocessing = 0;
		};
		492C7419214B2A2F009A4DA4 /* Frameworks */ = {
			isa = PBXFrameworksBuildPhase;
			buildActionMask = 2147483647;
			files = (
				49BC400621BEE0D900D62847 /* AppKit.framework in Frameworks */,
				49BC400421BEE0B800D62847 /* IOKit.framework in Frameworks */,
				49BC400221BEE07E00D62847 /* CoreVideo.framework in Frameworks */,
				49BC400021BEE06900D62847 /* CoreGraphics.framework in Frameworks */,
				49BC3FFE21BEE04800D62847 /* CoreFoundation.framework in Frameworks */,
				49BC3FFC21BDC84E00D62847 /* GLUT.framework in Frameworks */,
				49BC3FFA21BDC82200D62847 /* OpenGL.framework in Frameworks */,
				4962958C215AAA800064B9C9 /* libbaremetal.a in Frameworks */,
			);
			runOnlyForDeploymentPostprocessing = 0;
		};
		4962956E215AA4DF0064B9C9 /* Frameworks */ = {
			isa = PBXFrameworksBuildPhase;
			buildActionMask = 2147483647;
			files = (
			);
			runOnlyForDeploymentPostprocessing = 0;
		};
		498747852191F68E00245E91 /* Frameworks */ = {
			isa = PBXFrameworksBuildPhase;
			buildActionMask = 2147483647;
			files = (
			);
			runOnlyForDeploymentPostprocessing = 0;
		};
		49BC402821C05ED600D62847 /* Frameworks */ = {
			isa = PBXFrameworksBuildPhase;
			buildActionMask = 2147483647;
			files = (
				49BC404B21C08B7A00D62847 /* libbaremetal.a in Frameworks */,
			);
			runOnlyForDeploymentPostprocessing = 0;
		};
/* End PBXFrameworksBuildPhase section */

/* Begin PBXGroup section */
		49166D07215149950077ACEE /* kernel */ = {
			isa = PBXGroup;
			children = (
				492FF40A2160045C003582FE /* README.md */,
				49166D2A21514BDE0077ACEE /* Makefile */,
				49166D562151914C0077ACEE /* loadmap.ld */,
				49166D2C21514BE30077ACEE /* src */,
			);
			name = kernel;
			sourceTree = "<group>";
		};
		49166D2921514BB60077ACEE /* bootloader */ = {
			isa = PBXGroup;
			children = (
				496C3BAF216FEEE6004DBC22 /* sample.txt */,
				496295542159286E0064B9C9 /* autoload.cpp */,
				49166D6F2153F0FE0077ACEE /* main.cpp */,
				496C3BB3217D02CC004DBC22 /* nanoalloc.cpp */,
				49166D592151AC5F0077ACEE /* bootloader.S */,
				49166D612153CA250077ACEE /* README.md */,
				49166D57215194260077ACEE /* Makefile */,
				49166D5A2151AC5F0077ACEE /* loader */,
				49166D5121514C2C0077ACEE /* config.txt */,
			);
			name = bootloader;
			sourceTree = "<group>";
		};
		49166D2C21514BE30077ACEE /* src */ = {
			isa = PBXGroup;
			children = (
				49166D3121514C050077ACEE /* kernel.S */,
				49166D3721514C050077ACEE /* lib1funcs.asm */,
				4932ACEE2166770800BDAABB /* stackAddrs.h */,
				4992122721CDA4A700AA7656 /* init.cpp */,
				49166D3E21514C050077ACEE /* main.cpp */,
				4932ACF02167156E00BDAABB /* Allocator.cpp */,
				4932ACF12167156E00BDAABB /* Allocator.h */,
				49166D3221514C050077ACEE /* BootShell.cpp */,
				49166D3F21514C050077ACEE /* BootShell.h */,
				4992122B21CDA4D900AA7656 /* ELFLoader.cpp */,
				4992122A21CDA4D900AA7656 /* ELFLoader.h */,
				4992122921CDA4D900AA7656 /* ELFLoaderConfig.h */,
				49657897216D1E2D00B3F088 /* FileSystem.cpp */,
				49657898216D1E2D00B3F088 /* FileSystem.h */,
				4932ACFA2168A8C600BDAABB /* MStream.h */,
				4932ACF721689A5500BDAABB /* Scanner.cpp */,
				4932ACF821689A5600BDAABB /* Scanner.h */,
				49166D3A21514C050077ACEE /* Shell.cpp */,
				49166D3021514C050077ACEE /* Shell.h */,
			);
			name = src;
			path = ../kernel/src;
			sourceTree = "<group>";
		};
		492C7413214B2A2F009A4DA4 = {
			isa = PBXGroup;
			children = (
				49629575215AA4EB0064B9C9 /* baremetal */,
				49166D2921514BB60077ACEE /* bootloader */,
				49166D07215149950077ACEE /* kernel */,
				494FD64021A89616005C2A6B /* ESPRPiWifi */,
				49BC402C21C05ED600D62847 /* drawtest */,
				492C741D214B2A2F009A4DA4 /* Products */,
				49629588215AAA760064B9C9 /* Frameworks */,
			);
			sourceTree = "<group>";
		};
		492C741D214B2A2F009A4DA4 /* Products */ = {
			isa = PBXGroup;
			children = (
				492C741C214B2A2F009A4DA4 /* kerneltest */,
				49166D6D2153F0FE0077ACEE /* bltest */,
				49629571215AA4DF0064B9C9 /* libbaremetal.a */,
				498747882191F68E00245E91 /* ESPWifi */,
				49BC402B21C05ED600D62847 /* drawtest.app */,
			);
			name = Products;
			sourceTree = "<group>";
		};
		494FD5FE2197A044005C2A6B /* bare */ = {
			isa = PBXGroup;
			children = (
				494FD62E219F7E13005C2A6B /* fpconv.h */,
				494FD62F219F7E13005C2A6B /* powers.h */,
				492FF407215D479A003582FE /* FAT32.h */,
				496C3BBA217E2368004DBC22 /* FAT32DirectoryIterator.h */,
				496C3BB7217E225B004DBC22 /* FAT32RawFile.h */,
				494FD626219B8091005C2A6B /* Float.h */,
				492FF3EC215AF47B003582FE /* GPIO.h */,
				49BC3FF421BB0AEE00D62847 /* Graphics.h */,
				492FF400215C5359003582FE /* InterruptManager.h */,
				494FD64921AB3596005C2A6B /* IPAddr.h */,
				496C3BC221891FC2004DBC22 /* Log.h */,
				494FD61F2199E64F005C2A6B /* Memory.h */,
				49BC404D21C1976D00D62847 /* Mutex.h */,
				497EE459216138E2000584CE /* Print.h */,
				4965788D2169805800B3F088 /* SDCard.h */,
				494FD6002197A44F005C2A6B /* Serial.h */,
				496C3BBF21876279004DBC22 /* SPI.h */,
				494FD64A21AB36D0005C2A6B /* String.h */,
				492FF3FF215C5359003582FE /* Timer.h */,
				492FF3EF215C4F72003582FE /* Volume.h */,
				494FD64821AB225B005C2A6B /* WiFiSpi.h */,
				494FD5FC219615FE005C2A6B /* XYModem.h */,
			);
			name = bare;
			path = ../baremetal/bare;
			sourceTree = "<group>";
		};
		494FD602219883D3005C2A6B /* platform */ = {
			isa = PBXGroup;
			children = (
				494FD63A21A4BA4C005C2A6B /* Darwin */,
				494FD63B21A4BA64005C2A6B /* RPi */,
			);
			name = platform;
			sourceTree = "<group>";
		};
		494FD63A21A4BA4C005C2A6B /* Darwin */ = {
			isa = PBXGroup;
			children = (
				494FD6052198ACFA005C2A6B /* DarwinBare.cpp */,
				494FD6092198EA27005C2A6B /* DarwinGPIO.cpp */,
				49BC3FF721BD9C3200D62847 /* DarwinGraphics.cpp */,
				494FD6222199E6D0005C2A6B /* DarwinMemory.cpp */,
				49BC404E21C19BA000D62847 /* DarwinMutex.cpp */,
				494FD60C2199CEAB005C2A6B /* DarwinSDCard.cpp */,
				494FD60F2199CFDC005C2A6B /* DarwinSerial.cpp */,
				494FD6152199D2E2005C2A6B /* DarwinSPI.cpp */,
				494FD6192199D3DD005C2A6B /* DarwinTimer.cpp */,
			);
			name = Darwin;
			sourceTree = "<group>";
		};
		494FD63B21A4BA64005C2A6B /* RPi */ = {
			isa = PBXGroup;
			children = (
				494FD6032198ACDB005C2A6B /* RPiBare.cpp */,
				492FF3EB215AF47A003582FE /* RPiGPIO.cpp */,
				49BC3FF521BB34DE00D62847 /* RPiGraphics.cpp */,
				492FF401215C5359003582FE /* RPiInterruptManager.cpp */,
				492FF3F3215C4F72003582FE /* RPiMailbox.cpp */,
				492FF3F0215C4F72003582FE /* RPiMailbox.h */,
				494FD61E2199E64F005C2A6B /* RPiMemory.cpp */,
				494FD62C219CA832005C2A6B /* RPiMemoryMin.cpp */,
				49BC405121C19CCA00D62847 /* RPiMutex.cpp */,
				4965788C2169805800B3F088 /* RPiSDCard.cpp */,
				492FF3F8215C528C003582FE /* RPiSerial.cpp */,
				494FD6162199D2E2005C2A6B /* RPiSPI.cpp */,
				494FD61A2199D3DD005C2A6B /* RPiTimer.cpp */,
				494FD628219B9E28005C2A6B /* idivmod.S */,
				4932ACF521681EF200BDAABB /* ldivmod.S */,
				494FD62A219BA09C005C2A6B /* uidivmod.S */,
			);
			name = RPi;
			sourceTree = "<group>";
		};
		494FD64021A89616005C2A6B /* ESPRPiWifi */ = {
			isa = PBXGroup;
			children = (
				494FD64321A896DE005C2A6B /* Makefile */,
			);
			name = ESPRPiWifi;
			sourceTree = "<group>";
		};
		49629575215AA4EB0064B9C9 /* baremetal */ = {
			isa = PBXGroup;
			children = (
				494FD6082198C722005C2A6B /* Common.mk */,
				4962958F215AAF8F0064B9C9 /* Makefile */,
				494FD602219883D3005C2A6B /* platform */,
				494FD5FE2197A044005C2A6B /* bare */,
				49629576215AA53B0064B9C9 /* bare.cpp */,
				49629578215AA53B0064B9C9 /* bare.h */,
				494FD63621A08885005C2A6B /* printf-emb_tiny.cpp */,
				494FD630219F7E13005C2A6B /* fpconv.cpp */,
				492FF406215D4799003582FE /* FAT32.cpp */,
				49731F74216E23AC00F9A79F /* FAT32.img */,
				496C3BB9217E2368004DBC22 /* FAT32DirectoryIterator.cpp */,
				496C3BB6217E225B004DBC22 /* FAT32RawFile.cpp */,
				497EE458216138E2000584CE /* Print.cpp */,
				494FD634219F8951005C2A6B /* PrintFloat.cpp */,
				494FD6112199D070005C2A6B /* Serial.cpp */,
				494FD64B21AB36E4005C2A6B /* String.cpp */,
				492FF3FE215C5359003582FE /* Timer.cpp */,
				492FF3F1215C4F72003582FE /* Volume.cpp */,
				494FD64D21AB4338005C2A6B /* WiFiSpi.cpp */,
				494FD65021AC5991005C2A6B /* WiFiSpiDriver.cpp */,
				494FD65221AC59AA005C2A6B /* WiFiSpiDriver.h */,
				49731F78216E914500F9A79F /* XYModem.cpp */,
			);
			name = baremetal;
			sourceTree = "<group>";
		};
		49629588215AAA760064B9C9 /* Frameworks */ = {
			isa = PBXGroup;
			children = (
				49BC400521BEE0D900D62847 /* AppKit.framework */,
				49BC400321BEE0B800D62847 /* IOKit.framework */,
				49BC400121BEE07E00D62847 /* CoreVideo.framework */,
				49BC3FFF21BEE06900D62847 /* CoreGraphics.framework */,
				49BC3FFD21BEE04800D62847 /* CoreFoundation.framework */,
				49BC3FFB21BDC84D00D62847 /* GLUT.framework */,
				49BC3FF921BDC82200D62847 /* OpenGL.framework */,
			);
			name = Frameworks;
			sourceTree = "<group>";
		};
		49BC402C21C05ED600D62847 /* drawtest */ = {
			isa = PBXGroup;
			children = (
				49BC402D21C05ED600D62847 /* AppDelegate.h */,
				49BC402E21C05ED600D62847 /* AppDelegate.m */,
				49BC403021C05ED600D62847 /* Renderer.h */,
				49BC403121C05ED600D62847 /* Renderer.m */,
				49BC403321C05ED600D62847 /* GameViewController.h */,
				49BC403421C05ED600D62847 /* GameViewController.m */,
				49BC403621C05ED600D62847 /* Shaders.metal */,
				49BC403821C05ED600D62847 /* ShaderTypes.h */,
				49BC403921C05ED700D62847 /* Assets.xcassets */,
				49BC403B21C05ED700D62847 /* Main.storyboard */,
				49BC403E21C05ED700D62847 /* Info.plist */,
				49BC403F21C05ED700D62847 /* main.m */,
				49BC404121C05ED700D62847 /* drawtest.entitlements */,
			);
			path = drawtest;
			sourceTree = "<group>";
		};
/* End PBXGroup section */

/* Begin PBXHeadersBuildPhase section */
		4962956F215AA4DF0064B9C9 /* Headers */ = {
			isa = PBXHeadersBuildPhase;
			buildActionMask = 2147483647;
			files = (
				492FF404215C5359003582FE /* InterruptManager.h in Headers */,
				492FF403215C5359003582FE /* Timer.h in Headers */,
				492FF409215D479A003582FE /* FAT32.h in Headers */,
				494FD6212199E64F005C2A6B /* Memory.h in Headers */,
				4962957C215AA53B0064B9C9 /* bare.h in Headers */,
			);
			runOnlyForDeploymentPostprocessing = 0;
		};
/* End PBXHeadersBuildPhase section */

/* Begin PBXNativeTarget section */
		49166D6C2153F0FE0077ACEE /* bltest */ = {
			isa = PBXNativeTarget;
			buildConfigurationList = 49166D712153F0FE0077ACEE /* Build configuration list for PBXNativeTarget "bltest" */;
			buildPhases = (
				49166D692153F0FE0077ACEE /* Sources */,
				49166D6A2153F0FE0077ACEE /* Frameworks */,
				49166D6B2153F0FE0077ACEE /* CopyFiles */,
			);
			buildRules = (
			);
			dependencies = (
				49629583215AA9E90064B9C9 /* PBXTargetDependency */,
			);
			name = bltest;
			productName = bltest;
			productReference = 49166D6D2153F0FE0077ACEE /* bltest */;
			productType = "com.apple.product-type.tool";
		};
		492C741B214B2A2F009A4DA4 /* kerneltest */ = {
			isa = PBXNativeTarget;
			buildConfigurationList = 492C7423214B2A2F009A4DA4 /* Build configuration list for PBXNativeTarget "kerneltest" */;
			buildPhases = (
				492C7418214B2A2F009A4DA4 /* Sources */,
				492C7419214B2A2F009A4DA4 /* Frameworks */,
				492C741A214B2A2F009A4DA4 /* CopyFiles */,
			);
			buildRules = (
			);
			dependencies = (
				49629587215AA9F20064B9C9 /* PBXTargetDependency */,
			);
			name = kerneltest;
			productName = bltest;
			productReference = 492C741C214B2A2F009A4DA4 /* kerneltest */;
			productType = "com.apple.product-type.tool";
		};
		49629570215AA4DF0064B9C9 /* baremetal */ = {
			isa = PBXNativeTarget;
			buildConfigurationList = 49629572215AA4DF0064B9C9 /* Build configuration list for PBXNativeTarget "baremetal" */;
			buildPhases = (
				4962956D215AA4DF0064B9C9 /* Sources */,
				4962956E215AA4DF0064B9C9 /* Frameworks */,
				4962956F215AA4DF0064B9C9 /* Headers */,
				49731F73216E239300F9A79F /* CopyFiles */,
			);
			buildRules = (
			);
			dependencies = (
			);
			name = baremetal;
			productName = util;
			productReference = 49629571215AA4DF0064B9C9 /* libbaremetal.a */;
			productType = "com.apple.product-type.library.static";
		};
		498747872191F68E00245E91 /* ESPWifi */ = {
			isa = PBXNativeTarget;
			buildConfigurationList = 4987478E2191F68E00245E91 /* Build configuration list for PBXNativeTarget "ESPWifi" */;
			buildPhases = (
				498747842191F68E00245E91 /* Sources */,
				498747852191F68E00245E91 /* Frameworks */,
				498747862191F68E00245E91 /* CopyFiles */,
			);
			buildRules = (
			);
			dependencies = (
			);
			name = ESPWifi;
			productName = ESPWifi;
			productReference = 498747882191F68E00245E91 /* ESPWifi */;
			productType = "com.apple.product-type.tool";
		};
		49BC402A21C05ED600D62847 /* drawtest */ = {
			isa = PBXNativeTarget;
			buildConfigurationList = 49BC404421C05ED700D62847 /* Build configuration list for PBXNativeTarget "drawtest" */;
			buildPhases = (
				49BC402721C05ED600D62847 /* Sources */,
				49BC402821C05ED600D62847 /* Frameworks */,
				49BC402921C05ED600D62847 /* Resources */,
			);
			buildRules = (
			);
			dependencies = (
			);
			name = drawtest;
			productName = drawtest;
			productReference = 49BC402B21C05ED600D62847 /* drawtest.app */;
			productType = "com.apple.product-type.application";
		};
/* End PBXNativeTarget section */

/* Begin PBXProject section */
		492C7414214B2A2F009A4DA4 /* Project object */ = {
			isa = PBXProject;
			attributes = {
				LastUpgradeCheck = 0940;
				ORGANIZATIONNAME = MarrinTech;
				TargetAttributes = {
					49166D6C2153F0FE0077ACEE = {
						CreatedOnToolsVersion = 9.4.1;
					};
					492C741B214B2A2F009A4DA4 = {
						CreatedOnToolsVersion = 9.4.1;
					};
					49629570215AA4DF0064B9C9 = {
						CreatedOnToolsVersion = 9.4.1;
					};
					498747872191F68E00245E91 = {
						CreatedOnToolsVersion = 10.0;
					};
					49BC402A21C05ED600D62847 = {
						CreatedOnToolsVersion = 10.1;
					};
				};
			};
			buildConfigurationList = 492C7417214B2A2F009A4DA4 /* Build configuration list for PBXProject "placid" */;
			compatibilityVersion = "Xcode 9.3";
			developmentRegion = en;
			hasScannedForEncodings = 0;
			knownRegions = (
				en,
				Base,
			);
			mainGroup = 492C7413214B2A2F009A4DA4;
			productRefGroup = 492C741D214B2A2F009A4DA4 /* Products */;
			projectDirPath = "";
			projectRoot = "";
			targets = (
				492C741B214B2A2F009A4DA4 /* kerneltest */,
				49166D6C2153F0FE0077ACEE /* bltest */,
				49629570215AA4DF0064B9C9 /* baremetal */,
				498747872191F68E00245E91 /* ESPWifi */,
				49BC402A21C05ED600D62847 /* drawtest */,
			);
		};
/* End PBXProject section */

/* Begin PBXResourcesBuildPhase section */
		49BC402921C05ED600D62847 /* Resources */ = {
			isa = PBXResourcesBuildPhase;
			buildActionMask = 2147483647;
			files = (
				49BC403A21C05ED700D62847 /* Assets.xcassets in Resources */,
				49BC403D21C05ED700D62847 /* Main.storyboard in Resources */,
			);
			runOnlyForDeploymentPostprocessing = 0;
		};
/* End PBXResourcesBuildPhase section */

/* Begin PBXSourcesBuildPhase section */
		49166D692153F0FE0077ACEE /* Sources */ = {
			isa = PBXSourcesBuildPhase;
			buildActionMask = 2147483647;
			files = (
				49629556215929410064B9C9 /* autoload.cpp in Sources */,
				496C3BB5217D0689004DBC22 /* nanoalloc.cpp in Sources */,
				49166D702153F0FE0077ACEE /* main.cpp in Sources */,
			);
			runOnlyForDeploymentPostprocessing = 0;
		};
		492C7418214B2A2F009A4DA4 /* Sources */ = {
			isa = PBXSourcesBuildPhase;
			buildActionMask = 2147483647;
			files = (
				49166D4721514C060077ACEE /* BootShell.cpp in Sources */,
				49166D4F21514C060077ACEE /* main.cpp in Sources */,
				4992122821CDA4A700AA7656 /* init.cpp in Sources */,
				49657899216D1E2D00B3F088 /* FileSystem.cpp in Sources */,
				49166D4B21514C060077ACEE /* Shell.cpp in Sources */,
				4932ACF22167156E00BDAABB /* Allocator.cpp in Sources */,
				4992122521CD955900AA7656 /* (null) in Sources */,
				49BC405221C19CCA00D62847 /* RPiMutex.cpp in Sources */,
				4932ACF921689A5600BDAABB /* Scanner.cpp in Sources */,
			);
			runOnlyForDeploymentPostprocessing = 0;
		};
		4962956D215AA4DF0064B9C9 /* Sources */ = {
			isa = PBXSourcesBuildPhase;
			buildActionMask = 2147483647;
			files = (
				49731F7A216EAB4000F9A79F /* XYModem.cpp in Sources */,
				494FD65321AC5A4A005C2A6B /* WiFiSpiDriver.cpp in Sources */,
				494FD60B2198EA9A005C2A6B /* DarwinGPIO.cpp in Sources */,
				494FD60E2199CF22005C2A6B /* DarwinSDCard.cpp in Sources */,
				496C3BBD217E23F5004DBC22 /* FAT32RawFile.cpp in Sources */,
				494FD635219F8951005C2A6B /* PrintFloat.cpp in Sources */,
				494FD6062198ACFA005C2A6B /* DarwinBare.cpp in Sources */,
				494FD6232199E6D1005C2A6B /* DarwinMemory.cpp in Sources */,
				49657892216BFDA200B3F088 /* Volume.cpp in Sources */,
				4962957A215AA53B0064B9C9 /* bare.cpp in Sources */,
				496C3BBC217E23E9004DBC22 /* FAT32DirectoryIterator.cpp in Sources */,
				494FD633219F7E13005C2A6B /* fpconv.cpp in Sources */,
				494FD63821A08894005C2A6B /* printf-emb_tiny.cpp in Sources */,
				492FF402215C5359003582FE /* Timer.cpp in Sources */,
				494FD61B2199D3DD005C2A6B /* DarwinTimer.cpp in Sources */,
				49BC3FF821BD9C3200D62847 /* DarwinGraphics.cpp in Sources */,
				49BC405021C19C0A00D62847 /* DarwinMutex.cpp in Sources */,
				497EE45B2161442D000584CE /* Print.cpp in Sources */,
				494FD64F21ABDB5D005C2A6B /* WiFiSpi.cpp in Sources */,
				494FD6142199D18B005C2A6B /* Serial.cpp in Sources */,
				49BC404C21C08BD700D62847 /* String.cpp in Sources */,
				494FD6132199D17F005C2A6B /* DarwinSerial.cpp in Sources */,
				492FF408215D479A003582FE /* FAT32.cpp in Sources */,
				494FD61D2199D571005C2A6B /* DarwinSPI.cpp in Sources */,
			);
			runOnlyForDeploymentPostprocessing = 0;
		};
		498747842191F68E00245E91 /* Sources */ = {
			isa = PBXSourcesBuildPhase;
			buildActionMask = 2147483647;
			files = (
			);
			runOnlyForDeploymentPostprocessing = 0;
		};
		49BC402721C05ED600D62847 /* Sources */ = {
			isa = PBXSourcesBuildPhase;
			buildActionMask = 2147483647;
			files = (
				49BC404021C05ED700D62847 /* main.m in Sources */,
				49BC403721C05ED600D62847 /* Shaders.metal in Sources */,
				49BC404721C06D8600D62847 /* BootShell.cpp in Sources */,
				49BC404921C06D9000D62847 /* Scanner.cpp in Sources */,
				4992122621CD959900AA7656 /* (null) in Sources */,
				497E4DEC21E02F6E0061779D /* init.cpp in Sources */,
				49BC404821C06D8B00D62847 /* FileSystem.cpp in Sources */,
				49BC403221C05ED600D62847 /* Renderer.m in Sources */,
				49BC403521C05ED600D62847 /* GameViewController.m in Sources */,
				49BC404621C06D8300D62847 /* Allocator.cpp in Sources */,
				49BC402F21C05ED600D62847 /* AppDelegate.m in Sources */,
				49BC404A21C06D9500D62847 /* Shell.cpp in Sources */,
			);
			runOnlyForDeploymentPostprocessing = 0;
		};
/* End PBXSourcesBuildPhase section */

/* Begin PBXTargetDependency section */
		49629583215AA9E90064B9C9 /* PBXTargetDependency */ = {
			isa = PBXTargetDependency;
			target = 49629570215AA4DF0064B9C9 /* baremetal */;
			targetProxy = 49629582215AA9E90064B9C9 /* PBXContainerItemProxy */;
		};
		49629587215AA9F20064B9C9 /* PBXTargetDependency */ = {
			isa = PBXTargetDependency;
			target = 49629570215AA4DF0064B9C9 /* baremetal */;
			targetProxy = 49629586215AA9F20064B9C9 /* PBXContainerItemProxy */;
		};
/* End PBXTargetDependency section */

/* Begin PBXVariantGroup section */
		49BC403B21C05ED700D62847 /* Main.storyboard */ = {
			isa = PBXVariantGroup;
			children = (
				49BC403C21C05ED700D62847 /* Base */,
			);
			name = Main.storyboard;
			sourceTree = "<group>";
		};
/* End PBXVariantGroup section */

/* Begin XCBuildConfiguration section */
		49166D722153F0FE0077ACEE /* Debug */ = {
			isa = XCBuildConfiguration;
			buildSettings = {
				CODE_SIGN_STYLE = Automatic;
				HEADER_SEARCH_PATHS = "$(inherited)";
				PRODUCT_NAME = "$(TARGET_NAME)";
			};
			name = Debug;
		};
		49166D732153F0FE0077ACEE /* Release */ = {
			isa = XCBuildConfiguration;
			buildSettings = {
				CODE_SIGN_STYLE = Automatic;
				HEADER_SEARCH_PATHS = "$(inherited)";
				PRODUCT_NAME = "$(TARGET_NAME)";
			};
			name = Release;
		};
		492C7421214B2A2F009A4DA4 /* Debug */ = {
			isa = XCBuildConfiguration;
			buildSettings = {
				ALWAYS_SEARCH_USER_PATHS = NO;
				CLANG_ANALYZER_NONNULL = YES;
				CLANG_ANALYZER_NUMBER_OBJECT_CONVERSION = YES_AGGRESSIVE;
				CLANG_CXX_LANGUAGE_STANDARD = "gnu++14";
				CLANG_CXX_LIBRARY = "libc++";
				CLANG_ENABLE_MODULES = YES;
				CLANG_ENABLE_OBJC_ARC = YES;
				CLANG_ENABLE_OBJC_WEAK = YES;
				CLANG_WARN_BLOCK_CAPTURE_AUTORELEASING = YES;
				CLANG_WARN_BOOL_CONVERSION = YES;
				CLANG_WARN_COMMA = YES;
				CLANG_WARN_CONSTANT_CONVERSION = YES;
				CLANG_WARN_DEPRECATED_OBJC_IMPLEMENTATIONS = YES;
				CLANG_WARN_DIRECT_OBJC_ISA_USAGE = YES_ERROR;
				CLANG_WARN_DOCUMENTATION_COMMENTS = YES;
				CLANG_WARN_EMPTY_BODY = YES;
				CLANG_WARN_ENUM_CONVERSION = YES;
				CLANG_WARN_INFINITE_RECURSION = YES;
				CLANG_WARN_INT_CONVERSION = YES;
				CLANG_WARN_NON_LITERAL_NULL_CONVERSION = YES;
				CLANG_WARN_OBJC_IMPLICIT_RETAIN_SELF = YES;
				CLANG_WARN_OBJC_LITERAL_CONVERSION = YES;
				CLANG_WARN_OBJC_ROOT_CLASS = YES_ERROR;
				CLANG_WARN_RANGE_LOOP_ANALYSIS = YES;
				CLANG_WARN_STRICT_PROTOTYPES = YES;
				CLANG_WARN_SUSPICIOUS_MOVE = YES;
				CLANG_WARN_UNGUARDED_AVAILABILITY = YES_AGGRESSIVE;
				CLANG_WARN_UNREACHABLE_CODE = YES;
				CLANG_WARN__DUPLICATE_METHOD_MATCH = YES;
				CODE_SIGN_IDENTITY = "-";
				COPY_PHASE_STRIP = NO;
				DEBUG_INFORMATION_FORMAT = dwarf;
				ENABLE_STRICT_OBJC_MSGSEND = YES;
				ENABLE_TESTABILITY = YES;
				GCC_C_LANGUAGE_STANDARD = gnu11;
				GCC_DYNAMIC_NO_PIC = NO;
				GCC_NO_COMMON_BLOCKS = YES;
				GCC_OPTIMIZATION_LEVEL = 0;
				GCC_PREPROCESSOR_DEFINITIONS = (
					"DEBUG=1",
					"$(inherited)",
				);
				GCC_WARN_64_TO_32_BIT_CONVERSION = YES;
				GCC_WARN_ABOUT_RETURN_TYPE = YES_ERROR;
				GCC_WARN_UNDECLARED_SELECTOR = YES;
				GCC_WARN_UNINITIALIZED_AUTOS = YES_AGGRESSIVE;
				GCC_WARN_UNUSED_FUNCTION = YES;
				GCC_WARN_UNUSED_VARIABLE = YES;
				HEADER_SEARCH_PATHS = (
					"$(PROJECT_DIR)/../baremetal",
					/usr/local/include,
				);
				LIBRARY_SEARCH_PATHS = /usr/local/lib;
				MACOSX_DEPLOYMENT_TARGET = 10.14;
				MTL_ENABLE_DEBUG_INFO = YES;
				ONLY_ACTIVE_ARCH = YES;
				OTHER_CFLAGS = "-DFLOATFLOAT";
				OTHER_LDFLAGS = "";
				SDKROOT = macosx;
			};
			name = Debug;
		};
		492C7422214B2A2F009A4DA4 /* Release */ = {
			isa = XCBuildConfiguration;
			buildSettings = {
				ALWAYS_SEARCH_USER_PATHS = NO;
				CLANG_ANALYZER_NONNULL = YES;
				CLANG_ANALYZER_NUMBER_OBJECT_CONVERSION = YES_AGGRESSIVE;
				CLANG_CXX_LANGUAGE_STANDARD = "gnu++14";
				CLANG_CXX_LIBRARY = "libc++";
				CLANG_ENABLE_MODULES = YES;
				CLANG_ENABLE_OBJC_ARC = YES;
				CLANG_ENABLE_OBJC_WEAK = YES;
				CLANG_WARN_BLOCK_CAPTURE_AUTORELEASING = YES;
				CLANG_WARN_BOOL_CONVERSION = YES;
				CLANG_WARN_COMMA = YES;
				CLANG_WARN_CONSTANT_CONVERSION = YES;
				CLANG_WARN_DEPRECATED_OBJC_IMPLEMENTATIONS = YES;
				CLANG_WARN_DIRECT_OBJC_ISA_USAGE = YES_ERROR;
				CLANG_WARN_DOCUMENTATION_COMMENTS = YES;
				CLANG_WARN_EMPTY_BODY = YES;
				CLANG_WARN_ENUM_CONVERSION = YES;
				CLANG_WARN_INFINITE_RECURSION = YES;
				CLANG_WARN_INT_CONVERSION = YES;
				CLANG_WARN_NON_LITERAL_NULL_CONVERSION = YES;
				CLANG_WARN_OBJC_IMPLICIT_RETAIN_SELF = YES;
				CLANG_WARN_OBJC_LITERAL_CONVERSION = YES;
				CLANG_WARN_OBJC_ROOT_CLASS = YES_ERROR;
				CLANG_WARN_RANGE_LOOP_ANALYSIS = YES;
				CLANG_WARN_STRICT_PROTOTYPES = YES;
				CLANG_WARN_SUSPICIOUS_MOVE = YES;
				CLANG_WARN_UNGUARDED_AVAILABILITY = YES_AGGRESSIVE;
				CLANG_WARN_UNREACHABLE_CODE = YES;
				CLANG_WARN__DUPLICATE_METHOD_MATCH = YES;
				CODE_SIGN_IDENTITY = "-";
				COPY_PHASE_STRIP = NO;
				DEBUG_INFORMATION_FORMAT = "dwarf-with-dsym";
				ENABLE_NS_ASSERTIONS = NO;
				ENABLE_STRICT_OBJC_MSGSEND = YES;
				GCC_C_LANGUAGE_STANDARD = gnu11;
				GCC_NO_COMMON_BLOCKS = YES;
				GCC_WARN_64_TO_32_BIT_CONVERSION = YES;
				GCC_WARN_ABOUT_RETURN_TYPE = YES_ERROR;
				GCC_WARN_UNDECLARED_SELECTOR = YES;
				GCC_WARN_UNINITIALIZED_AUTOS = YES_AGGRESSIVE;
				GCC_WARN_UNUSED_FUNCTION = YES;
				GCC_WARN_UNUSED_VARIABLE = YES;
				HEADER_SEARCH_PATHS = (
					"$(PROJECT_DIR)/../baremetal",
					/usr/local/include,
				);
				LIBRARY_SEARCH_PATHS = /usr/local/lib;
				MACOSX_DEPLOYMENT_TARGET = 10.14;
				MTL_ENABLE_DEBUG_INFO = NO;
				OTHER_CFLAGS = "-DFLOATFLOAT";
				OTHER_LDFLAGS = "";
				SDKROOT = macosx;
			};
			name = Release;
		};
		492C7424214B2A2F009A4DA4 /* Debug */ = {
			isa = XCBuildConfiguration;
			buildSettings = {
				CODE_SIGN_STYLE = Automatic;
				HEADER_SEARCH_PATHS = "$(inherited)";
				LINK_WITH_STANDARD_LIBRARIES = YES;
				ONLY_ACTIVE_ARCH = YES;
				OTHER_LDFLAGS = "-lncurses";
				PRODUCT_NAME = "$(TARGET_NAME)";
			};
			name = Debug;
		};
		492C7425214B2A2F009A4DA4 /* Release */ = {
			isa = XCBuildConfiguration;
			buildSettings = {
				CODE_SIGN_STYLE = Automatic;
				HEADER_SEARCH_PATHS = "$(inherited)";
				"LD_MAP_FILE_PATH[arch=*]" = "$(TARGET_TEMP_DIR)/$(PRODUCT_NAME)-LinkMap-$(CURRENT_VARIANT)-$(CURRENT_ARCH).txt";
				LINK_WITH_STANDARD_LIBRARIES = YES;
				ONLY_ACTIVE_ARCH = YES;
				OTHER_LDFLAGS = "-lncurses";
				PRODUCT_NAME = "$(TARGET_NAME)";
			};
			name = Release;
		};
		49629573215AA4DF0064B9C9 /* Debug */ = {
			isa = XCBuildConfiguration;
			buildSettings = {
				CODE_SIGN_STYLE = Automatic;
				EXECUTABLE_PREFIX = lib;
				HEADER_SEARCH_PATHS = "$(inherited)";
				PRODUCT_NAME = "$(TARGET_NAME)";
				SKIP_INSTALL = YES;
			};
			name = Debug;
		};
		49629574215AA4DF0064B9C9 /* Release */ = {
			isa = XCBuildConfiguration;
			buildSettings = {
				CODE_SIGN_STYLE = Automatic;
				EXECUTABLE_PREFIX = lib;
				HEADER_SEARCH_PATHS = "$(inherited)";
				PRODUCT_NAME = "$(TARGET_NAME)";
				SKIP_INSTALL = YES;
			};
			name = Release;
		};
		4987478C2191F68E00245E91 /* Debug */ = {
			isa = XCBuildConfiguration;
			buildSettings = {
				CODE_SIGN_STYLE = Automatic;
				HEADER_SEARCH_PATHS = "$(inherited)";
				MACOSX_DEPLOYMENT_TARGET = 10.14;
				MTL_ENABLE_DEBUG_INFO = INCLUDE_SOURCE;
				MTL_FAST_MATH = YES;
				PRODUCT_NAME = "$(TARGET_NAME)";
			};
			name = Debug;
		};
		4987478D2191F68E00245E91 /* Release */ = {
			isa = XCBuildConfiguration;
			buildSettings = {
				CODE_SIGN_STYLE = Automatic;
				HEADER_SEARCH_PATHS = "$(inherited)";
				MACOSX_DEPLOYMENT_TARGET = 10.14;
				MTL_FAST_MATH = YES;
				PRODUCT_NAME = "$(TARGET_NAME)";
			};
			name = Release;
		};
		49BC404221C05ED700D62847 /* Debug */ = {
			isa = XCBuildConfiguration;
			buildSettings = {
				ASSETCATALOG_COMPILER_APPICON_NAME = AppIcon;
				CODE_SIGN_ENTITLEMENTS = drawtest/drawtest.entitlements;
				CODE_SIGN_STYLE = Automatic;
				COMBINE_HIDPI_IMAGES = YES;
				INFOPLIST_FILE = drawtest/Info.plist;
				LD_RUNPATH_SEARCH_PATHS = (
					"$(inherited)",
					"@executable_path/../Frameworks",
				);
				MTL_ENABLE_DEBUG_INFO = INCLUDE_SOURCE;
				MTL_FAST_MATH = YES;
				PRODUCT_BUNDLE_IDENTIFIER = org.marrin.drawtest;
				PRODUCT_NAME = "$(TARGET_NAME)";
			};
			name = Debug;
		};
		49BC404321C05ED700D62847 /* Release */ = {
			isa = XCBuildConfiguration;
			buildSettings = {
				ASSETCATALOG_COMPILER_APPICON_NAME = AppIcon;
				CODE_SIGN_ENTITLEMENTS = drawtest/drawtest.entitlements;
				CODE_SIGN_STYLE = Automatic;
				COMBINE_HIDPI_IMAGES = YES;
				INFOPLIST_FILE = drawtest/Info.plist;
				LD_RUNPATH_SEARCH_PATHS = (
					"$(inherited)",
					"@executable_path/../Frameworks",
				);
				MTL_FAST_MATH = YES;
				PRODUCT_BUNDLE_IDENTIFIER = org.marrin.drawtest;
				PRODUCT_NAME = "$(TARGET_NAME)";
			};
			name = Release;
		};
/* End XCBuildConfiguration section */

/* Begin XCConfigurationList section */
		49166D712153F0FE0077ACEE /* Build configuration list for PBXNativeTarget "bltest" */ = {
			isa = XCConfigurationList;
			buildConfigurations = (
				49166D722153F0FE0077ACEE /* Debug */,
				49166D732153F0FE0077ACEE /* Release */,
			);
			defaultConfigurationIsVisible = 0;
			defaultConfigurationName = Release;
		};
		492C7417214B2A2F009A4DA4 /* Build configuration list for PBXProject "placid" */ = {
			isa = XCConfigurationList;
			buildConfigurations = (
				492C7421214B2A2F009A4DA4 /* Debug */,
				492C7422214B2A2F009A4DA4 /* Release */,
			);
			defaultConfigurationIsVisible = 0;
			defaultConfigurationName = Release;
		};
		492C7423214B2A2F009A4DA4 /* Build configuration list for PBXNativeTarget "kerneltest" */ = {
			isa = XCConfigurationList;
			buildConfigurations = (
				492C7424214B2A2F009A4DA4 /* Debug */,
				492C7425214B2A2F009A4DA4 /* Release */,
			);
			defaultConfigurationIsVisible = 0;
			defaultConfigurationName = Release;
		};
		49629572215AA4DF0064B9C9 /* Build configuration list for PBXNativeTarget "baremetal" */ = {
			isa = XCConfigurationList;
			buildConfigurations = (
				49629573215AA4DF0064B9C9 /* Debug */,
				49629574215AA4DF0064B9C9 /* Release */,
			);
			defaultConfigurationIsVisible = 0;
			defaultConfigurationName = Release;
		};
		4987478E2191F68E00245E91 /* Build configuration list for PBXNativeTarget "ESPWifi" */ = {
			isa = XCConfigurationList;
			buildConfigurations = (
				4987478C2191F68E00245E91 /* Debug */,
				4987478D2191F68E00245E91 /* Release */,
			);
			defaultConfigurationIsVisible = 0;
			defaultConfigurationName = Release;
		};
		49BC404421C05ED700D62847 /* Build configuration list for PBXNativeTarget "drawtest" */ = {
			isa = XCConfigurationList;
			buildConfigurations = (
				49BC404221C05ED700D62847 /* Debug */,
				49BC404321C05ED700D62847 /* Release */,
			);
			defaultConfigurationIsVisible = 0;
			defaultConfigurationName = Release;
		};
/* End XCConfigurationList section */
	};
	rootObject = 492C7414214B2A2F009A4DA4 /* Project object */;
}
